// !$*UTF8*$!
{
	archiveVersion = 1;
	classes = {
	};
	objectVersion = 46;
	objects = {

/* Begin PBXBuildFile section */
		2ED28DCBC8CD18A77D8158FC /* libPods.a in Frameworks */ = {isa = PBXBuildFile; fileRef = EACD925073D99B1C16971AC3 /* libPods.a */; };
		D614F5211B4832C80099929A /* DataItemDetail.m in Sources */ = {isa = PBXBuildFile; fileRef = D614F5201B4832C80099929A /* DataItemDetail.m */; };
		D614F5241B4832EA0099929A /* DataItemResult.m in Sources */ = {isa = PBXBuildFile; fileRef = D614F5231B4832EA0099929A /* DataItemResult.m */; };
		D6154C6C1B88430A000ACD01 /* WQErrorTableViewCell.m in Sources */ = {isa = PBXBuildFile; fileRef = D6154C6B1B88430A000ACD01 /* WQErrorTableViewCell.m */; };
		D6154C6F1B8847B2000ACD01 /* WQLoadingTableViewCell.m in Sources */ = {isa = PBXBuildFile; fileRef = D6154C6E1B8847B2000ACD01 /* WQLoadingTableViewCell.m */; };
		D6154C721B884D59000ACD01 /* WQMoreTableViewCell.m in Sources */ = {isa = PBXBuildFile; fileRef = D6154C711B884D59000ACD01 /* WQMoreTableViewCell.m */; };
		D61A10251A972F3100B2C64C /* WQProgressBar.m in Sources */ = {isa = PBXBuildFile; fileRef = D61A10231A972F3100B2C64C /* WQProgressBar.m */; };
		D61A102A1A972F4100B2C64C /* WQCalendar.m in Sources */ = {isa = PBXBuildFile; fileRef = D61A10271A972F4100B2C64C /* WQCalendar.m */; };
		D61A102E1A97302F00B2C64C /* WQCalendarTile.m in Sources */ = {isa = PBXBuildFile; fileRef = D61A102D1A97302F00B2C64C /* WQCalendarTile.m */; };
		D6259A2D1B52BDEC00F99CF6 /* BaseViewController.m in Sources */ = {isa = PBXBuildFile; fileRef = D6259A2C1B52BDEC00F99CF6 /* BaseViewController.m */; };
		D639C4271A90DA2800715BA9 /* main.m in Sources */ = {isa = PBXBuildFile; fileRef = D639C4261A90DA2800715BA9 /* main.m */; };
		D639C42A1A90DA2800715BA9 /* AppDelegate.m in Sources */ = {isa = PBXBuildFile; fileRef = D639C4291A90DA2800715BA9 /* AppDelegate.m */; };
		D639C42D1A90DA2800715BA9 /* FitYourBuddy.xcdatamodeld in Sources */ = {isa = PBXBuildFile; fileRef = D639C42B1A90DA2800715BA9 /* FitYourBuddy.xcdatamodeld */; };
		D639C4351A90DA2800715BA9 /* Images.xcassets in Resources */ = {isa = PBXBuildFile; fileRef = D639C4341A90DA2800715BA9 /* Images.xcassets */; };
		D639C4561A90DE8400715BA9 /* IndexViewController.m in Sources */ = {isa = PBXBuildFile; fileRef = D639C4551A90DE8400715BA9 /* IndexViewController.m */; };
		D63E2DB31AD3B63A00D86030 /* TimerManager.m in Sources */ = {isa = PBXBuildFile; fileRef = D63E2DB21AD3B63A00D86030 /* TimerManager.m */; };
		D63FCF371A9628EE00582386 /* SettingsViewController.m in Sources */ = {isa = PBXBuildFile; fileRef = D63FCF361A9628EE00582386 /* SettingsViewController.m */; };
		D63FCF3E1A96293A00582386 /* FriendsViewController.m in Sources */ = {isa = PBXBuildFile; fileRef = D63FCF3D1A96293A00582386 /* FriendsViewController.m */; };
		D63FCF411A962EA100582386 /* HistoryViewController.m in Sources */ = {isa = PBXBuildFile; fileRef = D63FCF401A962EA100582386 /* HistoryViewController.m */; };
		D65352CC1B48DF52007CD311 /* WorkOutViewController.m in Sources */ = {isa = PBXBuildFile; fileRef = D65352CB1B48DF52007CD311 /* WorkOutViewController.m */; };
		D65467B11AACA86300FE38E3 /* AccountCoreDataHelper.m in Sources */ = {isa = PBXBuildFile; fileRef = D65467B01AACA86300FE38E3 /* AccountCoreDataHelper.m */; };
		D65467B41AACA8C600FE38E3 /* ExerciseCoreDataHelper.m in Sources */ = {isa = PBXBuildFile; fileRef = D65467B31AACA8C600FE38E3 /* ExerciseCoreDataHelper.m */; };
		D65467B81AACADF300FE38E3 /* WelcomeViewController.m in Sources */ = {isa = PBXBuildFile; fileRef = D65467B71AACADF300FE38E3 /* WelcomeViewController.m */; };
		D65AF0201B91F2A90023874C /* FriendsTableViewCell.m in Sources */ = {isa = PBXBuildFile; fileRef = D65AF01F1B91F2A90023874C /* FriendsTableViewCell.m */; };
		D669BE6F1A9D9A7B00DE6FA6 /* WQCircleProgressBar.m in Sources */ = {isa = PBXBuildFile; fileRef = D669BE6E1A9D9A7B00DE6FA6 /* WQCircleProgressBar.m */; };
		D66C070D1B00AB1800A405DF /* MJRefreshBaseView.m in Sources */ = {isa = PBXBuildFile; fileRef = D66C07001B00AB1800A405DF /* MJRefreshBaseView.m */; };
		D66C070E1B00AB1800A405DF /* MJRefreshConst.m in Sources */ = {isa = PBXBuildFile; fileRef = D66C07021B00AB1800A405DF /* MJRefreshConst.m */; };
		D66C070F1B00AB1800A405DF /* MJRefreshFooterView.m in Sources */ = {isa = PBXBuildFile; fileRef = D66C07041B00AB1800A405DF /* MJRefreshFooterView.m */; };
		D66C07101B00AB1800A405DF /* MJRefreshHeaderView.m in Sources */ = {isa = PBXBuildFile; fileRef = D66C07061B00AB1800A405DF /* MJRefreshHeaderView.m */; };
		D66C07111B00AB1800A405DF /* UIScrollView+MJExtension.m in Sources */ = {isa = PBXBuildFile; fileRef = D66C07081B00AB1800A405DF /* UIScrollView+MJExtension.m */; };
		D66C07121B00AB1800A405DF /* UIScrollView+MJRefresh.m in Sources */ = {isa = PBXBuildFile; fileRef = D66C070A1B00AB1800A405DF /* UIScrollView+MJRefresh.m */; };
		D66C07131B00AB1800A405DF /* UIView+MJExtension.m in Sources */ = {isa = PBXBuildFile; fileRef = D66C070C1B00AB1800A405DF /* UIView+MJExtension.m */; };
		D676E4191AA1A4E6003BF293 /* a4.wav in Resources */ = {isa = PBXBuildFile; fileRef = D676E4131AA1A4E6003BF293 /* a4.wav */; };
		D676E41A1AA1A4E6003BF293 /* c4.wav in Resources */ = {isa = PBXBuildFile; fileRef = D676E4141AA1A4E6003BF293 /* c4.wav */; };
		D676E41B1AA1A4E6003BF293 /* d4.wav in Resources */ = {isa = PBXBuildFile; fileRef = D676E4151AA1A4E6003BF293 /* d4.wav */; };
		D676E41C1AA1A4E6003BF293 /* e4.wav in Resources */ = {isa = PBXBuildFile; fileRef = D676E4161AA1A4E6003BF293 /* e4.wav */; };
		D676E41D1AA1A4E6003BF293 /* f4.wav in Resources */ = {isa = PBXBuildFile; fileRef = D676E4171AA1A4E6003BF293 /* f4.wav */; };
		D676E41E1AA1A4E6003BF293 /* g4.wav in Resources */ = {isa = PBXBuildFile; fileRef = D676E4181AA1A4E6003BF293 /* g4.wav */; };
		D676E4201AA1AC35003BF293 /* AudioToolbox.framework in Frameworks */ = {isa = PBXBuildFile; fileRef = D676E41F1AA1AC35003BF293 /* AudioToolbox.framework */; };
		D676E4241AA1AE98003BF293 /* SoundTool.m in Sources */ = {isa = PBXBuildFile; fileRef = D676E4231AA1AE98003BF293 /* SoundTool.m */; };
		D676E4341AA21A4A003BF293 /* EBAccelerometerFilter.m in Sources */ = {isa = PBXBuildFile; fileRef = D676E42B1AA21A4A003BF293 /* EBAccelerometerFilter.m */; };
		D676E4351AA21A4A003BF293 /* EBM7Manager.m in Sources */ = {isa = PBXBuildFile; fileRef = D676E42E1AA21A4A003BF293 /* EBM7Manager.m */; };
		D676E4361AA21A4A003BF293 /* EBMotionManager.m in Sources */ = {isa = PBXBuildFile; fileRef = D676E4301AA21A4A003BF293 /* EBMotionManager.m */; };
		D676E4371AA21A4A003BF293 /* EBStepManager.m in Sources */ = {isa = PBXBuildFile; fileRef = D676E4321AA21A4A003BF293 /* EBStepManager.m */; };
		D676E43A1AA21CA5003BF293 /* CoreMotion.framework in Frameworks */ = {isa = PBXBuildFile; fileRef = D676E4391AA21CA5003BF293 /* CoreMotion.framework */; };
		D676E43C1AA21CB3003BF293 /* CoreGraphics.framework in Frameworks */ = {isa = PBXBuildFile; fileRef = D676E43B1AA21CB3003BF293 /* CoreGraphics.framework */; };
		D67786711ADDF5B6009DCC7C /* DebugViewController.m in Sources */ = {isa = PBXBuildFile; fileRef = D67786701ADDF5B6009DCC7C /* DebugViewController.m */; };
		D67786761ADE092D009DCC7C /* WQTableView.m in Sources */ = {isa = PBXBuildFile; fileRef = D67786751ADE092D009DCC7C /* WQTableView.m */; };
		D67786791ADE429D009DCC7C /* WQTableViewCell.m in Sources */ = {isa = PBXBuildFile; fileRef = D67786781ADE429D009DCC7C /* WQTableViewCell.m */; };
		D67CE88A1ACC42C7005E8BB9 /* HistoryExerciseView.m in Sources */ = {isa = PBXBuildFile; fileRef = D67CE8891ACC42C7005E8BB9 /* HistoryExerciseView.m */; };
		D67F689E1AFB3CD600E2B97D /* LoadingViewController.m in Sources */ = {isa = PBXBuildFile; fileRef = D67F689D1AFB3CD600E2B97D /* LoadingViewController.m */; };
		D68CC3451B1B4C4400B7F708 /* 1.mp3 in Resources */ = {isa = PBXBuildFile; fileRef = D68CC3411B1B4C4400B7F708 /* 1.mp3 */; };
		D68CC3461B1B4C4400B7F708 /* 2.mp3 in Resources */ = {isa = PBXBuildFile; fileRef = D68CC3421B1B4C4400B7F708 /* 2.mp3 */; };
		D68CC3471B1B4C4400B7F708 /* 3.mp3 in Resources */ = {isa = PBXBuildFile; fileRef = D68CC3431B1B4C4400B7F708 /* 3.mp3 */; };
		D68CC3481B1B4C4400B7F708 /* ready.mp3 in Resources */ = {isa = PBXBuildFile; fileRef = D68CC3441B1B4C4400B7F708 /* ready.mp3 */; };
		D68CC3581B1B5F2200B7F708 /* a3.wav in Resources */ = {isa = PBXBuildFile; fileRef = D68CC3531B1B5F2200B7F708 /* a3.wav */; };
		D68CC3591B1B5F2200B7F708 /* b3.wav in Resources */ = {isa = PBXBuildFile; fileRef = D68CC3541B1B5F2200B7F708 /* b3.wav */; };
		D68CC35A1B1B5F2200B7F708 /* d3.wav in Resources */ = {isa = PBXBuildFile; fileRef = D68CC3551B1B5F2200B7F708 /* d3.wav */; };
		D68CC35B1B1B5F2200B7F708 /* f3#.wav in Resources */ = {isa = PBXBuildFile; fileRef = D68CC3561B1B5F2200B7F708 /* f3#.wav */; };
		D68CC35C1B1B5F2200B7F708 /* g3.wav in Resources */ = {isa = PBXBuildFile; fileRef = D68CC3571B1B5F2200B7F708 /* g3.wav */; };
		D696FD4C1AFF6B470023FD1F /* FXBlurView.m in Sources */ = {isa = PBXBuildFile; fileRef = D696FD4B1AFF6B470023FD1F /* FXBlurView.m */; };
		D6A4EAF11B7AEB4C00E4FAB7 /* HttpTask.m in Sources */ = {isa = PBXBuildFile; fileRef = D6A4EAF01B7AEB4C00E4FAB7 /* HttpTask.m */; };
		D6A4EAF81B7AF0DF00E4FAB7 /* NetworkReachability.m in Sources */ = {isa = PBXBuildFile; fileRef = D6A4EAF71B7AF0DF00E4FAB7 /* NetworkReachability.m */; };
		D6A4EB2E1B7C7BB500E4FAB7 /* HttpHelper.m in Sources */ = {isa = PBXBuildFile; fileRef = D6A4EB2D1B7C7BB500E4FAB7 /* HttpHelper.m */; };
		D6A4EB311B7C843E00E4FAB7 /* AppCore.m in Sources */ = {isa = PBXBuildFile; fileRef = D6A4EB301B7C843E00E4FAB7 /* AppCore.m */; };
		D6A69ECF1A9C58CD0061603F /* PushUpViewController.m in Sources */ = {isa = PBXBuildFile; fileRef = D6A69ECE1A9C58CD0061603F /* PushUpViewController.m */; };
		D6A8CB531ABD7FEB003F7650 /* UIView+Base.m in Sources */ = {isa = PBXBuildFile; fileRef = D6A8CB521ABD7FEB003F7650 /* UIView+Base.m */; };
		D6AF0B3F1B4ACD4500578CE9 /* libMobClickLibrary.a in Frameworks */ = {isa = PBXBuildFile; fileRef = D6AF0B3D1B4ACD4500578CE9 /* libMobClickLibrary.a */; };
		D6AF0B411B4ACFBE00578CE9 /* libz.dylib in Frameworks */ = {isa = PBXBuildFile; fileRef = D6AF0B401B4ACFBE00578CE9 /* libz.dylib */; };
		D6AFCAEE1AC5A62400400358 /* UIImage+Base.m in Sources */ = {isa = PBXBuildFile; fileRef = D6AFCAED1AC5A62400400358 /* UIImage+Base.m */; };
		D6AFCAF21AC5AA8A00400358 /* CommonUtil.m in Sources */ = {isa = PBXBuildFile; fileRef = D6AFCAF11AC5AA8A00400358 /* CommonUtil.m */; };
		D6B5D59C1AB51D4700B6BA01 /* CompleteViewController.m in Sources */ = {isa = PBXBuildFile; fileRef = D6B5D59B1AB51D4700B6BA01 /* CompleteViewController.m */; };
		D6B6B7B71ACFFFDC00264C5D /* Exercise.m in Sources */ = {isa = PBXBuildFile; fileRef = D6B6B7B61ACFFFDC00264C5D /* Exercise.m */; };
		D6B6B7BA1ACFFFDD00264C5D /* Account.m in Sources */ = {isa = PBXBuildFile; fileRef = D6B6B7B91ACFFFDD00264C5D /* Account.m */; };
		D6BBD0821AC310B300B56935 /* NSString+Base.m in Sources */ = {isa = PBXBuildFile; fileRef = D6BBD0811AC310B300B56935 /* NSString+Base.m */; };
		D6C5FAE81A9DCC3B00BABA36 /* SitUpViewController.m in Sources */ = {isa = PBXBuildFile; fileRef = D6C5FAE71A9DCC3B00BABA36 /* SitUpViewController.m */; };
		D6C5FAEB1A9DCC4E00BABA36 /* SquatViewController.m in Sources */ = {isa = PBXBuildFile; fileRef = D6C5FAEA1A9DCC4E00BABA36 /* SquatViewController.m */; };
		D6C5FAEE1A9DCC6500BABA36 /* WalkViewController.m in Sources */ = {isa = PBXBuildFile; fileRef = D6C5FAED1A9DCC6500BABA36 /* WalkViewController.m */; };
		D6C5FAF21A9DD1A600BABA36 /* TarBarViewController.m in Sources */ = {isa = PBXBuildFile; fileRef = D6C5FAF11A9DD1A600BABA36 /* TarBarViewController.m */; };
		D6C93F5D1B71DC7D00AA0A2E /* WQTableData.m in Sources */ = {isa = PBXBuildFile; fileRef = D6C93F5C1B71DC7D00AA0A2E /* WQTableData.m */; };
		D6C93F601B71DF4B00AA0A2E /* DataLoader.m in Sources */ = {isa = PBXBuildFile; fileRef = D6C93F5F1B71DF4B00AA0A2E /* DataLoader.m */; };
		D6D6163F1B4846D9001AB663 /* SettingsDetailViewController.m in Sources */ = {isa = PBXBuildFile; fileRef = D6D6163E1B4846D9001AB663 /* SettingsDetailViewController.m */; };
		D6DC62D41A9B355700E03ED6 /* ExerciseViewController.m in Sources */ = {isa = PBXBuildFile; fileRef = D6DC62D31A9B355700E03ED6 /* ExerciseViewController.m */; };
		D6DFAB391AD6158D00C5D37C /* Store.m in Sources */ = {isa = PBXBuildFile; fileRef = D6DFAB381AD6158D00C5D37C /* Store.m */; };
		D6DFAB3C1AD615CD00C5D37C /* StoreCoreDataHelper.m in Sources */ = {isa = PBXBuildFile; fileRef = D6DFAB3B1AD615CD00C5D37C /* StoreCoreDataHelper.m */; };
		D6F53B891AC6660500289E6C /* b4.wav in Resources */ = {isa = PBXBuildFile; fileRef = D6F53B851AC6660500289E6C /* b4.wav */; };
		D6F53B8A1AC6660500289E6C /* c5.wav in Resources */ = {isa = PBXBuildFile; fileRef = D6F53B861AC6660500289E6C /* c5.wav */; };
		D6F53B8D1AC6663B00289E6C /* coin.mp3 in Resources */ = {isa = PBXBuildFile; fileRef = D6F53B8B1AC6663B00289E6C /* coin.mp3 */; };
		D6F53B8E1AC6663B00289E6C /* exercise.wav in Resources */ = {isa = PBXBuildFile; fileRef = D6F53B8C1AC6663B00289E6C /* exercise.wav */; };
		D6F8D9721ACE5A2B001B8772 /* NSDate+Base.m in Sources */ = {isa = PBXBuildFile; fileRef = D6F8D9711ACE5A2B001B8772 /* NSDate+Base.m */; };
		D6FC51D71B1BEEB10023B898 /* WQAnimateLabel.m in Sources */ = {isa = PBXBuildFile; fileRef = D6FC51D61B1BEEB10023B898 /* WQAnimateLabel.m */; };
		D6FFCDDA1AD0EB9100EB8305 /* StoreViewController.m in Sources */ = {isa = PBXBuildFile; fileRef = D6FFCDD91AD0EB9100EB8305 /* StoreViewController.m */; };
/* End PBXBuildFile section */

/* Begin PBXFileReference section */
		9DB74F1237C4755E990862E1 /* Pods.release.xcconfig */ = {isa = PBXFileReference; includeInIndex = 1; lastKnownFileType = text.xcconfig; name = Pods.release.xcconfig; path = "Pods/Target Support Files/Pods/Pods.release.xcconfig"; sourceTree = "<group>"; };
		CDC969D4E8FD20623932CFBB /* Pods.debug.xcconfig */ = {isa = PBXFileReference; includeInIndex = 1; lastKnownFileType = text.xcconfig; name = Pods.debug.xcconfig; path = "Pods/Target Support Files/Pods/Pods.debug.xcconfig"; sourceTree = "<group>"; };
		D614F51F1B4832C80099929A /* DataItemDetail.h */ = {isa = PBXFileReference; fileEncoding = 4; lastKnownFileType = sourcecode.c.h; name = DataItemDetail.h; path = Classes/Entities/DataItemDetail.h; sourceTree = "<group>"; };
		D614F5201B4832C80099929A /* DataItemDetail.m */ = {isa = PBXFileReference; fileEncoding = 4; lastKnownFileType = sourcecode.c.objc; name = DataItemDetail.m; path = Classes/Entities/DataItemDetail.m; sourceTree = "<group>"; };
		D614F5221B4832EA0099929A /* DataItemResult.h */ = {isa = PBXFileReference; fileEncoding = 4; lastKnownFileType = sourcecode.c.h; name = DataItemResult.h; path = Classes/Entities/DataItemResult.h; sourceTree = "<group>"; };
		D614F5231B4832EA0099929A /* DataItemResult.m */ = {isa = PBXFileReference; fileEncoding = 4; lastKnownFileType = sourcecode.c.objc; name = DataItemResult.m; path = Classes/Entities/DataItemResult.m; sourceTree = "<group>"; };
		D6154C6A1B88430A000ACD01 /* WQErrorTableViewCell.h */ = {isa = PBXFileReference; fileEncoding = 4; lastKnownFileType = sourcecode.c.h; name = WQErrorTableViewCell.h; path = Classes/Tools/WQTableView/WQTableViewCell/WQErrorTableViewCell.h; sourceTree = "<group>"; };
		D6154C6B1B88430A000ACD01 /* WQErrorTableViewCell.m */ = {isa = PBXFileReference; fileEncoding = 4; lastKnownFileType = sourcecode.c.objc; name = WQErrorTableViewCell.m; path = Classes/Tools/WQTableView/WQTableViewCell/WQErrorTableViewCell.m; sourceTree = "<group>"; };
		D6154C6D1B8847B2000ACD01 /* WQLoadingTableViewCell.h */ = {isa = PBXFileReference; fileEncoding = 4; lastKnownFileType = sourcecode.c.h; name = WQLoadingTableViewCell.h; path = Classes/Tools/WQTableView/WQTableViewCell/WQLoadingTableViewCell.h; sourceTree = "<group>"; };
		D6154C6E1B8847B2000ACD01 /* WQLoadingTableViewCell.m */ = {isa = PBXFileReference; fileEncoding = 4; lastKnownFileType = sourcecode.c.objc; name = WQLoadingTableViewCell.m; path = Classes/Tools/WQTableView/WQTableViewCell/WQLoadingTableViewCell.m; sourceTree = "<group>"; };
		D6154C701B884D59000ACD01 /* WQMoreTableViewCell.h */ = {isa = PBXFileReference; fileEncoding = 4; lastKnownFileType = sourcecode.c.h; name = WQMoreTableViewCell.h; path = Classes/Tools/WQTableView/WQTableViewCell/WQMoreTableViewCell.h; sourceTree = "<group>"; };
		D6154C711B884D59000ACD01 /* WQMoreTableViewCell.m */ = {isa = PBXFileReference; fileEncoding = 4; lastKnownFileType = sourcecode.c.objc; name = WQMoreTableViewCell.m; path = Classes/Tools/WQTableView/WQTableViewCell/WQMoreTableViewCell.m; sourceTree = "<group>"; };
		D6154C731B886748000ACD01 /* HttpConstant.h */ = {isa = PBXFileReference; lastKnownFileType = sourcecode.c.h; path = HttpConstant.h; sourceTree = "<group>"; };
		D61A10231A972F3100B2C64C /* WQProgressBar.m */ = {isa = PBXFileReference; fileEncoding = 4; lastKnownFileType = sourcecode.c.objc; name = WQProgressBar.m; path = Classes/Tools/WQProgressBar/WQProgressBar.m; sourceTree = "<group>"; };
		D61A10241A972F3100B2C64C /* WQProgressBar.h */ = {isa = PBXFileReference; fileEncoding = 4; lastKnownFileType = sourcecode.c.h; name = WQProgressBar.h; path = Classes/Tools/WQProgressBar/WQProgressBar.h; sourceTree = "<group>"; };
		D61A10261A972F4100B2C64C /* WQCalendar.h */ = {isa = PBXFileReference; fileEncoding = 4; lastKnownFileType = sourcecode.c.h; name = WQCalendar.h; path = Classes/Tools/WQCalendar/WQCalendar.h; sourceTree = "<group>"; };
		D61A10271A972F4100B2C64C /* WQCalendar.m */ = {isa = PBXFileReference; fileEncoding = 4; lastKnownFileType = sourcecode.c.objc; name = WQCalendar.m; path = Classes/Tools/WQCalendar/WQCalendar.m; sourceTree = "<group>"; };
		D61A102C1A97302F00B2C64C /* WQCalendarTile.h */ = {isa = PBXFileReference; fileEncoding = 4; lastKnownFileType = sourcecode.c.h; name = WQCalendarTile.h; path = Classes/Tools/WQCalendar/WQCalendarTile.h; sourceTree = "<group>"; };
		D61A102D1A97302F00B2C64C /* WQCalendarTile.m */ = {isa = PBXFileReference; fileEncoding = 4; lastKnownFileType = sourcecode.c.objc; name = WQCalendarTile.m; path = Classes/Tools/WQCalendar/WQCalendarTile.m; sourceTree = "<group>"; };
		D6259A2B1B52BDEC00F99CF6 /* BaseViewController.h */ = {isa = PBXFileReference; fileEncoding = 4; lastKnownFileType = sourcecode.c.h; name = BaseViewController.h; path = Classes/ViewControllers/BaseViewController.h; sourceTree = "<group>"; };
		D6259A2C1B52BDEC00F99CF6 /* BaseViewController.m */ = {isa = PBXFileReference; fileEncoding = 4; lastKnownFileType = sourcecode.c.objc; name = BaseViewController.m; path = Classes/ViewControllers/BaseViewController.m; sourceTree = "<group>"; };
		D639C4211A90DA2800715BA9 /* FitYourBuddy.app */ = {isa = PBXFileReference; explicitFileType = wrapper.application; includeInIndex = 0; path = FitYourBuddy.app; sourceTree = BUILT_PRODUCTS_DIR; };
		D639C4251A90DA2800715BA9 /* Info.plist */ = {isa = PBXFileReference; lastKnownFileType = text.plist.xml; path = Info.plist; sourceTree = "<group>"; };
		D639C4261A90DA2800715BA9 /* main.m */ = {isa = PBXFileReference; lastKnownFileType = sourcecode.c.objc; path = main.m; sourceTree = "<group>"; };
		D639C4281A90DA2800715BA9 /* AppDelegate.h */ = {isa = PBXFileReference; lastKnownFileType = sourcecode.c.h; path = AppDelegate.h; sourceTree = "<group>"; };
		D639C4291A90DA2800715BA9 /* AppDelegate.m */ = {isa = PBXFileReference; lastKnownFileType = sourcecode.c.objc; path = AppDelegate.m; sourceTree = "<group>"; };
		D639C42C1A90DA2800715BA9 /* FitYourBuddy.xcdatamodel */ = {isa = PBXFileReference; lastKnownFileType = wrapper.xcdatamodel; path = FitYourBuddy.xcdatamodel; sourceTree = "<group>"; };
		D639C4341A90DA2800715BA9 /* Images.xcassets */ = {isa = PBXFileReference; lastKnownFileType = folder.assetcatalog; path = Images.xcassets; sourceTree = "<group>"; };
		D639C4541A90DE8400715BA9 /* IndexViewController.h */ = {isa = PBXFileReference; fileEncoding = 4; lastKnownFileType = sourcecode.c.h; name = IndexViewController.h; path = Classes/ViewControllers/IndexViewController.h; sourceTree = "<group>"; };
		D639C4551A90DE8400715BA9 /* IndexViewController.m */ = {isa = PBXFileReference; fileEncoding = 4; lastKnownFileType = sourcecode.c.objc; name = IndexViewController.m; path = Classes/ViewControllers/IndexViewController.m; sourceTree = "<group>"; };
		D63E2DB11AD3B63A00D86030 /* TimerManager.h */ = {isa = PBXFileReference; fileEncoding = 4; lastKnownFileType = sourcecode.c.h; name = TimerManager.h; path = Classes/Util/TimerManager.h; sourceTree = "<group>"; };
		D63E2DB21AD3B63A00D86030 /* TimerManager.m */ = {isa = PBXFileReference; fileEncoding = 4; lastKnownFileType = sourcecode.c.objc; name = TimerManager.m; path = Classes/Util/TimerManager.m; sourceTree = "<group>"; };
		D63FCF351A9628EE00582386 /* SettingsViewController.h */ = {isa = PBXFileReference; fileEncoding = 4; lastKnownFileType = sourcecode.c.h; name = SettingsViewController.h; path = Classes/ViewControllers/SettingsViewController.h; sourceTree = "<group>"; };
		D63FCF361A9628EE00582386 /* SettingsViewController.m */ = {isa = PBXFileReference; fileEncoding = 4; lastKnownFileType = sourcecode.c.objc; name = SettingsViewController.m; path = Classes/ViewControllers/SettingsViewController.m; sourceTree = "<group>"; };
		D63FCF3C1A96293A00582386 /* FriendsViewController.h */ = {isa = PBXFileReference; fileEncoding = 4; lastKnownFileType = sourcecode.c.h; name = FriendsViewController.h; path = Classes/ViewControllers/FriendsViewController.h; sourceTree = "<group>"; };
		D63FCF3D1A96293A00582386 /* FriendsViewController.m */ = {isa = PBXFileReference; fileEncoding = 4; lastKnownFileType = sourcecode.c.objc; name = FriendsViewController.m; path = Classes/ViewControllers/FriendsViewController.m; sourceTree = "<group>"; };
		D63FCF3F1A962EA100582386 /* HistoryViewController.h */ = {isa = PBXFileReference; fileEncoding = 4; lastKnownFileType = sourcecode.c.h; name = HistoryViewController.h; path = Classes/ViewControllers/HistoryViewController.h; sourceTree = "<group>"; };
		D63FCF401A962EA100582386 /* HistoryViewController.m */ = {isa = PBXFileReference; fileEncoding = 4; lastKnownFileType = sourcecode.c.objc; name = HistoryViewController.m; path = Classes/ViewControllers/HistoryViewController.m; sourceTree = "<group>"; };
		D65352CA1B48DF52007CD311 /* WorkOutViewController.h */ = {isa = PBXFileReference; fileEncoding = 4; lastKnownFileType = sourcecode.c.h; name = WorkOutViewController.h; path = Classes/ViewControllers/WorkOutViewController.h; sourceTree = "<group>"; };
		D65352CB1B48DF52007CD311 /* WorkOutViewController.m */ = {isa = PBXFileReference; fileEncoding = 4; lastKnownFileType = sourcecode.c.objc; name = WorkOutViewController.m; path = Classes/ViewControllers/WorkOutViewController.m; sourceTree = "<group>"; };
		D65467AF1AACA86300FE38E3 /* AccountCoreDataHelper.h */ = {isa = PBXFileReference; fileEncoding = 4; lastKnownFileType = sourcecode.c.h; name = AccountCoreDataHelper.h; path = Classes/CoreDataHelpers/AccountCoreDataHelper.h; sourceTree = "<group>"; };
		D65467B01AACA86300FE38E3 /* AccountCoreDataHelper.m */ = {isa = PBXFileReference; fileEncoding = 4; lastKnownFileType = sourcecode.c.objc; name = AccountCoreDataHelper.m; path = Classes/CoreDataHelpers/AccountCoreDataHelper.m; sourceTree = "<group>"; };
		D65467B21AACA8C600FE38E3 /* ExerciseCoreDataHelper.h */ = {isa = PBXFileReference; fileEncoding = 4; lastKnownFileType = sourcecode.c.h; name = ExerciseCoreDataHelper.h; path = Classes/CoreDataHelpers/ExerciseCoreDataHelper.h; sourceTree = "<group>"; };
		D65467B31AACA8C600FE38E3 /* ExerciseCoreDataHelper.m */ = {isa = PBXFileReference; fileEncoding = 4; lastKnownFileType = sourcecode.c.objc; name = ExerciseCoreDataHelper.m; path = Classes/CoreDataHelpers/ExerciseCoreDataHelper.m; sourceTree = "<group>"; };
		D65467B61AACADF300FE38E3 /* WelcomeViewController.h */ = {isa = PBXFileReference; fileEncoding = 4; lastKnownFileType = sourcecode.c.h; name = WelcomeViewController.h; path = Classes/ViewControllers/WelcomeViewController.h; sourceTree = "<group>"; };
		D65467B71AACADF300FE38E3 /* WelcomeViewController.m */ = {isa = PBXFileReference; fileEncoding = 4; lastKnownFileType = sourcecode.c.objc; name = WelcomeViewController.m; path = Classes/ViewControllers/WelcomeViewController.m; sourceTree = "<group>"; };
		D65AF01E1B91F2A90023874C /* FriendsTableViewCell.h */ = {isa = PBXFileReference; fileEncoding = 4; lastKnownFileType = sourcecode.c.h; name = FriendsTableViewCell.h; path = Classes/Views/FriendsTableViewCell.h; sourceTree = "<group>"; };
		D65AF01F1B91F2A90023874C /* FriendsTableViewCell.m */ = {isa = PBXFileReference; fileEncoding = 4; lastKnownFileType = sourcecode.c.objc; name = FriendsTableViewCell.m; path = Classes/Views/FriendsTableViewCell.m; sourceTree = "<group>"; };
		D669BE6D1A9D9A7B00DE6FA6 /* WQCircleProgressBar.h */ = {isa = PBXFileReference; fileEncoding = 4; lastKnownFileType = sourcecode.c.h; name = WQCircleProgressBar.h; path = Classes/Tools/WQCircleProgressBar/WQCircleProgressBar.h; sourceTree = "<group>"; };
		D669BE6E1A9D9A7B00DE6FA6 /* WQCircleProgressBar.m */ = {isa = PBXFileReference; fileEncoding = 4; lastKnownFileType = sourcecode.c.objc; name = WQCircleProgressBar.m; path = Classes/Tools/WQCircleProgressBar/WQCircleProgressBar.m; sourceTree = "<group>"; };
		D66C06FE1B00AB1800A405DF /* MJRefresh.h */ = {isa = PBXFileReference; fileEncoding = 4; lastKnownFileType = sourcecode.c.h; path = MJRefresh.h; sourceTree = "<group>"; };
		D66C06FF1B00AB1800A405DF /* MJRefreshBaseView.h */ = {isa = PBXFileReference; fileEncoding = 4; lastKnownFileType = sourcecode.c.h; path = MJRefreshBaseView.h; sourceTree = "<group>"; };
		D66C07001B00AB1800A405DF /* MJRefreshBaseView.m */ = {isa = PBXFileReference; fileEncoding = 4; lastKnownFileType = sourcecode.c.objc; path = MJRefreshBaseView.m; sourceTree = "<group>"; };
		D66C07011B00AB1800A405DF /* MJRefreshConst.h */ = {isa = PBXFileReference; fileEncoding = 4; lastKnownFileType = sourcecode.c.h; path = MJRefreshConst.h; sourceTree = "<group>"; };
		D66C07021B00AB1800A405DF /* MJRefreshConst.m */ = {isa = PBXFileReference; fileEncoding = 4; lastKnownFileType = sourcecode.c.objc; path = MJRefreshConst.m; sourceTree = "<group>"; };
		D66C07031B00AB1800A405DF /* MJRefreshFooterView.h */ = {isa = PBXFileReference; fileEncoding = 4; lastKnownFileType = sourcecode.c.h; path = MJRefreshFooterView.h; sourceTree = "<group>"; };
		D66C07041B00AB1800A405DF /* MJRefreshFooterView.m */ = {isa = PBXFileReference; fileEncoding = 4; lastKnownFileType = sourcecode.c.objc; path = MJRefreshFooterView.m; sourceTree = "<group>"; };
		D66C07051B00AB1800A405DF /* MJRefreshHeaderView.h */ = {isa = PBXFileReference; fileEncoding = 4; lastKnownFileType = sourcecode.c.h; path = MJRefreshHeaderView.h; sourceTree = "<group>"; };
		D66C07061B00AB1800A405DF /* MJRefreshHeaderView.m */ = {isa = PBXFileReference; fileEncoding = 4; lastKnownFileType = sourcecode.c.objc; path = MJRefreshHeaderView.m; sourceTree = "<group>"; };
		D66C07071B00AB1800A405DF /* UIScrollView+MJExtension.h */ = {isa = PBXFileReference; fileEncoding = 4; lastKnownFileType = sourcecode.c.h; path = "UIScrollView+MJExtension.h"; sourceTree = "<group>"; };
		D66C07081B00AB1800A405DF /* UIScrollView+MJExtension.m */ = {isa = PBXFileReference; fileEncoding = 4; lastKnownFileType = sourcecode.c.objc; path = "UIScrollView+MJExtension.m"; sourceTree = "<group>"; };
		D66C07091B00AB1800A405DF /* UIScrollView+MJRefresh.h */ = {isa = PBXFileReference; fileEncoding = 4; lastKnownFileType = sourcecode.c.h; path = "UIScrollView+MJRefresh.h"; sourceTree = "<group>"; };
		D66C070A1B00AB1800A405DF /* UIScrollView+MJRefresh.m */ = {isa = PBXFileReference; fileEncoding = 4; lastKnownFileType = sourcecode.c.objc; path = "UIScrollView+MJRefresh.m"; sourceTree = "<group>"; };
		D66C070B1B00AB1800A405DF /* UIView+MJExtension.h */ = {isa = PBXFileReference; fileEncoding = 4; lastKnownFileType = sourcecode.c.h; path = "UIView+MJExtension.h"; sourceTree = "<group>"; };
		D66C070C1B00AB1800A405DF /* UIView+MJExtension.m */ = {isa = PBXFileReference; fileEncoding = 4; lastKnownFileType = sourcecode.c.objc; path = "UIView+MJExtension.m"; sourceTree = "<group>"; };
		D676E4131AA1A4E6003BF293 /* a4.wav */ = {isa = PBXFileReference; lastKnownFileType = audio.wav; name = a4.wav; path = Classes/Sounds/a4.wav; sourceTree = "<group>"; };
		D676E4141AA1A4E6003BF293 /* c4.wav */ = {isa = PBXFileReference; lastKnownFileType = audio.wav; name = c4.wav; path = Classes/Sounds/c4.wav; sourceTree = "<group>"; };
		D676E4151AA1A4E6003BF293 /* d4.wav */ = {isa = PBXFileReference; lastKnownFileType = audio.wav; name = d4.wav; path = Classes/Sounds/d4.wav; sourceTree = "<group>"; };
		D676E4161AA1A4E6003BF293 /* e4.wav */ = {isa = PBXFileReference; lastKnownFileType = audio.wav; name = e4.wav; path = Classes/Sounds/e4.wav; sourceTree = "<group>"; };
		D676E4171AA1A4E6003BF293 /* f4.wav */ = {isa = PBXFileReference; lastKnownFileType = audio.wav; name = f4.wav; path = Classes/Sounds/f4.wav; sourceTree = "<group>"; };
		D676E4181AA1A4E6003BF293 /* g4.wav */ = {isa = PBXFileReference; lastKnownFileType = audio.wav; name = g4.wav; path = Classes/Sounds/g4.wav; sourceTree = "<group>"; };
		D676E41F1AA1AC35003BF293 /* AudioToolbox.framework */ = {isa = PBXFileReference; lastKnownFileType = wrapper.framework; name = AudioToolbox.framework; path = System/Library/Frameworks/AudioToolbox.framework; sourceTree = SDKROOT; };
		D676E4221AA1AE98003BF293 /* SoundTool.h */ = {isa = PBXFileReference; fileEncoding = 4; lastKnownFileType = sourcecode.c.h; name = SoundTool.h; path = Classes/Tools/SoundTool/SoundTool.h; sourceTree = "<group>"; };
		D676E4231AA1AE98003BF293 /* SoundTool.m */ = {isa = PBXFileReference; fileEncoding = 4; lastKnownFileType = sourcecode.c.objc; name = SoundTool.m; path = Classes/Tools/SoundTool/SoundTool.m; sourceTree = "<group>"; };
		D676E42A1AA21A4A003BF293 /* EBAccelerometerFilter.h */ = {isa = PBXFileReference; fileEncoding = 4; lastKnownFileType = sourcecode.c.h; path = EBAccelerometerFilter.h; sourceTree = "<group>"; };
		D676E42B1AA21A4A003BF293 /* EBAccelerometerFilter.m */ = {isa = PBXFileReference; fileEncoding = 4; lastKnownFileType = sourcecode.c.objc; path = EBAccelerometerFilter.m; sourceTree = "<group>"; };
		D676E42D1AA21A4A003BF293 /* EBM7Manager.h */ = {isa = PBXFileReference; fileEncoding = 4; lastKnownFileType = sourcecode.c.h; path = EBM7Manager.h; sourceTree = "<group>"; };
		D676E42E1AA21A4A003BF293 /* EBM7Manager.m */ = {isa = PBXFileReference; fileEncoding = 4; lastKnownFileType = sourcecode.c.objc; path = EBM7Manager.m; sourceTree = "<group>"; };
		D676E42F1AA21A4A003BF293 /* EBMotionManager.h */ = {isa = PBXFileReference; fileEncoding = 4; lastKnownFileType = sourcecode.c.h; path = EBMotionManager.h; sourceTree = "<group>"; };
		D676E4301AA21A4A003BF293 /* EBMotionManager.m */ = {isa = PBXFileReference; fileEncoding = 4; lastKnownFileType = sourcecode.c.objc; path = EBMotionManager.m; sourceTree = "<group>"; };
		D676E4311AA21A4A003BF293 /* EBStepManager.h */ = {isa = PBXFileReference; fileEncoding = 4; lastKnownFileType = sourcecode.c.h; path = EBStepManager.h; sourceTree = "<group>"; };
		D676E4321AA21A4A003BF293 /* EBStepManager.m */ = {isa = PBXFileReference; fileEncoding = 4; lastKnownFileType = sourcecode.c.objc; path = EBStepManager.m; sourceTree = "<group>"; };
		D676E4331AA21A4A003BF293 /* ManagerCommon.h */ = {isa = PBXFileReference; fileEncoding = 4; lastKnownFileType = sourcecode.c.h; path = ManagerCommon.h; sourceTree = "<group>"; };
		D676E4391AA21CA5003BF293 /* CoreMotion.framework */ = {isa = PBXFileReference; lastKnownFileType = wrapper.framework; name = CoreMotion.framework; path = System/Library/Frameworks/CoreMotion.framework; sourceTree = SDKROOT; };
		D676E43B1AA21CB3003BF293 /* CoreGraphics.framework */ = {isa = PBXFileReference; lastKnownFileType = wrapper.framework; name = CoreGraphics.framework; path = System/Library/Frameworks/CoreGraphics.framework; sourceTree = SDKROOT; };
		D677866F1ADDF5B6009DCC7C /* DebugViewController.h */ = {isa = PBXFileReference; fileEncoding = 4; lastKnownFileType = sourcecode.c.h; name = DebugViewController.h; path = Classes/ViewControllers/DebugViewController.h; sourceTree = "<group>"; };
		D67786701ADDF5B6009DCC7C /* DebugViewController.m */ = {isa = PBXFileReference; fileEncoding = 4; lastKnownFileType = sourcecode.c.objc; name = DebugViewController.m; path = Classes/ViewControllers/DebugViewController.m; sourceTree = "<group>"; };
		D67786741ADE092D009DCC7C /* WQTableView.h */ = {isa = PBXFileReference; fileEncoding = 4; lastKnownFileType = sourcecode.c.h; name = WQTableView.h; path = Classes/Tools/WQTableView/WQTableView.h; sourceTree = "<group>"; };
		D67786751ADE092D009DCC7C /* WQTableView.m */ = {isa = PBXFileReference; fileEncoding = 4; lastKnownFileType = sourcecode.c.objc; name = WQTableView.m; path = Classes/Tools/WQTableView/WQTableView.m; sourceTree = "<group>"; };
		D67786771ADE429D009DCC7C /* WQTableViewCell.h */ = {isa = PBXFileReference; fileEncoding = 4; lastKnownFileType = sourcecode.c.h; name = WQTableViewCell.h; path = Classes/Tools/WQTableView/WQTableViewCell/WQTableViewCell.h; sourceTree = "<group>"; };
		D67786781ADE429D009DCC7C /* WQTableViewCell.m */ = {isa = PBXFileReference; fileEncoding = 4; lastKnownFileType = sourcecode.c.objc; name = WQTableViewCell.m; path = Classes/Tools/WQTableView/WQTableViewCell/WQTableViewCell.m; sourceTree = "<group>"; };
		D67CE8881ACC42C7005E8BB9 /* HistoryExerciseView.h */ = {isa = PBXFileReference; fileEncoding = 4; lastKnownFileType = sourcecode.c.h; name = HistoryExerciseView.h; path = Classes/Views/HistoryExerciseView.h; sourceTree = "<group>"; };
		D67CE8891ACC42C7005E8BB9 /* HistoryExerciseView.m */ = {isa = PBXFileReference; fileEncoding = 4; lastKnownFileType = sourcecode.c.objc; name = HistoryExerciseView.m; path = Classes/Views/HistoryExerciseView.m; sourceTree = "<group>"; };
		D67F689C1AFB3CD600E2B97D /* LoadingViewController.h */ = {isa = PBXFileReference; fileEncoding = 4; lastKnownFileType = sourcecode.c.h; name = LoadingViewController.h; path = Classes/ViewControllers/LoadingViewController.h; sourceTree = "<group>"; };
		D67F689D1AFB3CD600E2B97D /* LoadingViewController.m */ = {isa = PBXFileReference; fileEncoding = 4; lastKnownFileType = sourcecode.c.objc; name = LoadingViewController.m; path = Classes/ViewControllers/LoadingViewController.m; sourceTree = "<group>"; };
		D68CC3411B1B4C4400B7F708 /* 1.mp3 */ = {isa = PBXFileReference; lastKnownFileType = audio.mp3; name = 1.mp3; path = Classes/Sounds/1.mp3; sourceTree = "<group>"; };
		D68CC3421B1B4C4400B7F708 /* 2.mp3 */ = {isa = PBXFileReference; lastKnownFileType = audio.mp3; name = 2.mp3; path = Classes/Sounds/2.mp3; sourceTree = "<group>"; };
		D68CC3431B1B4C4400B7F708 /* 3.mp3 */ = {isa = PBXFileReference; lastKnownFileType = audio.mp3; name = 3.mp3; path = Classes/Sounds/3.mp3; sourceTree = "<group>"; };
		D68CC3441B1B4C4400B7F708 /* ready.mp3 */ = {isa = PBXFileReference; lastKnownFileType = audio.mp3; name = ready.mp3; path = Classes/Sounds/ready.mp3; sourceTree = "<group>"; };
		D68CC3531B1B5F2200B7F708 /* a3.wav */ = {isa = PBXFileReference; lastKnownFileType = audio.wav; name = a3.wav; path = Classes/Sounds/a3.wav; sourceTree = "<group>"; };
		D68CC3541B1B5F2200B7F708 /* b3.wav */ = {isa = PBXFileReference; lastKnownFileType = audio.wav; name = b3.wav; path = Classes/Sounds/b3.wav; sourceTree = "<group>"; };
		D68CC3551B1B5F2200B7F708 /* d3.wav */ = {isa = PBXFileReference; lastKnownFileType = audio.wav; name = d3.wav; path = Classes/Sounds/d3.wav; sourceTree = "<group>"; };
		D68CC3561B1B5F2200B7F708 /* f3#.wav */ = {isa = PBXFileReference; lastKnownFileType = audio.wav; name = "f3#.wav"; path = "Classes/Sounds/f3#.wav"; sourceTree = "<group>"; };
		D68CC3571B1B5F2200B7F708 /* g3.wav */ = {isa = PBXFileReference; lastKnownFileType = audio.wav; name = g3.wav; path = Classes/Sounds/g3.wav; sourceTree = "<group>"; };
		D696FD4A1AFF6B470023FD1F /* FXBlurView.h */ = {isa = PBXFileReference; fileEncoding = 4; lastKnownFileType = sourcecode.c.h; name = FXBlurView.h; path = Classes/Tools/FXBlurView/FXBlurView.h; sourceTree = "<group>"; };
		D696FD4B1AFF6B470023FD1F /* FXBlurView.m */ = {isa = PBXFileReference; fileEncoding = 4; lastKnownFileType = sourcecode.c.objc; name = FXBlurView.m; path = Classes/Tools/FXBlurView/FXBlurView.m; sourceTree = "<group>"; };
		D6A4EAEF1B7AEB4C00E4FAB7 /* HttpTask.h */ = {isa = PBXFileReference; fileEncoding = 4; lastKnownFileType = sourcecode.c.h; name = HttpTask.h; path = Classes/CoreDataHelpers/DataHttp/HttpTask.h; sourceTree = "<group>"; };
		D6A4EAF01B7AEB4C00E4FAB7 /* HttpTask.m */ = {isa = PBXFileReference; fileEncoding = 4; lastKnownFileType = sourcecode.c.objc; name = HttpTask.m; path = Classes/CoreDataHelpers/DataHttp/HttpTask.m; sourceTree = "<group>"; };
		D6A4EAF71B7AF0DF00E4FAB7 /* NetworkReachability.m */ = {isa = PBXFileReference; fileEncoding = 4; lastKnownFileType = sourcecode.c.objc; name = NetworkReachability.m; path = Classes/CoreDataHelpers/DataHttp/NetworkReachability.m; sourceTree = "<group>"; };
		D6A4EAF91B7AF0F600E4FAB7 /* NetworkReachability.h */ = {isa = PBXFileReference; lastKnownFileType = sourcecode.c.h; name = NetworkReachability.h; path = Classes/CoreDataHelpers/DataHttp/NetworkReachability.h; sourceTree = "<group>"; };
		D6A4EB2C1B7C7BB500E4FAB7 /* HttpHelper.h */ = {isa = PBXFileReference; fileEncoding = 4; lastKnownFileType = sourcecode.c.h; name = HttpHelper.h; path = Classes/CoreDataHelpers/DataHttp/HttpHelper.h; sourceTree = "<group>"; };
		D6A4EB2D1B7C7BB500E4FAB7 /* HttpHelper.m */ = {isa = PBXFileReference; fileEncoding = 4; lastKnownFileType = sourcecode.c.objc; name = HttpHelper.m; path = Classes/CoreDataHelpers/DataHttp/HttpHelper.m; sourceTree = "<group>"; };
		D6A4EB2F1B7C843E00E4FAB7 /* AppCore.h */ = {isa = PBXFileReference; fileEncoding = 4; lastKnownFileType = sourcecode.c.h; name = AppCore.h; path = Classes/Util/AppCore.h; sourceTree = "<group>"; };
		D6A4EB301B7C843E00E4FAB7 /* AppCore.m */ = {isa = PBXFileReference; fileEncoding = 4; lastKnownFileType = sourcecode.c.objc; name = AppCore.m; path = Classes/Util/AppCore.m; sourceTree = "<group>"; };
		D6A69ECD1A9C58CD0061603F /* PushUpViewController.h */ = {isa = PBXFileReference; fileEncoding = 4; lastKnownFileType = sourcecode.c.h; name = PushUpViewController.h; path = Classes/ViewControllers/PushUpViewController.h; sourceTree = "<group>"; };
		D6A69ECE1A9C58CD0061603F /* PushUpViewController.m */ = {isa = PBXFileReference; fileEncoding = 4; lastKnownFileType = sourcecode.c.objc; name = PushUpViewController.m; path = Classes/ViewControllers/PushUpViewController.m; sourceTree = "<group>"; };
		D6A8CB4F1ABD6D83003F7650 /* PrefixHeader.pch */ = {isa = PBXFileReference; lastKnownFileType = sourcecode.c.h; path = PrefixHeader.pch; sourceTree = "<group>"; };
		D6A8CB501ABD6F93003F7650 /* Constant.h */ = {isa = PBXFileReference; lastKnownFileType = sourcecode.c.h; path = Constant.h; sourceTree = "<group>"; };
		D6A8CB511ABD7FEB003F7650 /* UIView+Base.h */ = {isa = PBXFileReference; fileEncoding = 4; lastKnownFileType = sourcecode.c.h; path = "UIView+Base.h"; sourceTree = "<group>"; };
		D6A8CB521ABD7FEB003F7650 /* UIView+Base.m */ = {isa = PBXFileReference; fileEncoding = 4; lastKnownFileType = sourcecode.c.objc; path = "UIView+Base.m"; sourceTree = "<group>"; };
		D6AF0B3D1B4ACD4500578CE9 /* libMobClickLibrary.a */ = {isa = PBXFileReference; lastKnownFileType = archive.ar; name = libMobClickLibrary.a; path = Classes/Tools/Umeng/MobClick/libMobClickLibrary.a; sourceTree = "<group>"; };
		D6AF0B3E1B4ACD4500578CE9 /* MobClick.h */ = {isa = PBXFileReference; fileEncoding = 4; lastKnownFileType = sourcecode.c.h; name = MobClick.h; path = Classes/Tools/Umeng/MobClick/MobClick.h; sourceTree = "<group>"; };
		D6AF0B401B4ACFBE00578CE9 /* libz.dylib */ = {isa = PBXFileReference; lastKnownFileType = "compiled.mach-o.dylib"; name = libz.dylib; path = usr/lib/libz.dylib; sourceTree = SDKROOT; };
		D6AFCAEC1AC5A62400400358 /* UIImage+Base.h */ = {isa = PBXFileReference; fileEncoding = 4; lastKnownFileType = sourcecode.c.h; path = "UIImage+Base.h"; sourceTree = "<group>"; };
		D6AFCAED1AC5A62400400358 /* UIImage+Base.m */ = {isa = PBXFileReference; fileEncoding = 4; lastKnownFileType = sourcecode.c.objc; path = "UIImage+Base.m"; sourceTree = "<group>"; };
		D6AFCAF01AC5AA8A00400358 /* CommonUtil.h */ = {isa = PBXFileReference; fileEncoding = 4; lastKnownFileType = sourcecode.c.h; name = CommonUtil.h; path = Classes/Util/CommonUtil.h; sourceTree = "<group>"; };
		D6AFCAF11AC5AA8A00400358 /* CommonUtil.m */ = {isa = PBXFileReference; fileEncoding = 4; lastKnownFileType = sourcecode.c.objc; name = CommonUtil.m; path = Classes/Util/CommonUtil.m; sourceTree = "<group>"; };
		D6B5D59A1AB51D4700B6BA01 /* CompleteViewController.h */ = {isa = PBXFileReference; fileEncoding = 4; lastKnownFileType = sourcecode.c.h; name = CompleteViewController.h; path = Classes/ViewControllers/CompleteViewController.h; sourceTree = "<group>"; };
		D6B5D59B1AB51D4700B6BA01 /* CompleteViewController.m */ = {isa = PBXFileReference; fileEncoding = 4; lastKnownFileType = sourcecode.c.objc; name = CompleteViewController.m; path = Classes/ViewControllers/CompleteViewController.m; sourceTree = "<group>"; };
		D6B6B7B51ACFFFDC00264C5D /* Exercise.h */ = {isa = PBXFileReference; fileEncoding = 4; lastKnownFileType = sourcecode.c.h; name = Exercise.h; path = Classes/Entities/Exercise.h; sourceTree = "<group>"; };
		D6B6B7B61ACFFFDC00264C5D /* Exercise.m */ = {isa = PBXFileReference; fileEncoding = 4; lastKnownFileType = sourcecode.c.objc; name = Exercise.m; path = Classes/Entities/Exercise.m; sourceTree = "<group>"; };
		D6B6B7B81ACFFFDD00264C5D /* Account.h */ = {isa = PBXFileReference; fileEncoding = 4; lastKnownFileType = sourcecode.c.h; name = Account.h; path = Classes/Entities/Account.h; sourceTree = "<group>"; };
		D6B6B7B91ACFFFDD00264C5D /* Account.m */ = {isa = PBXFileReference; fileEncoding = 4; lastKnownFileType = sourcecode.c.objc; name = Account.m; path = Classes/Entities/Account.m; sourceTree = "<group>"; };
		D6BBD0801AC310B300B56935 /* NSString+Base.h */ = {isa = PBXFileReference; fileEncoding = 4; lastKnownFileType = sourcecode.c.h; path = "NSString+Base.h"; sourceTree = "<group>"; };
		D6BBD0811AC310B300B56935 /* NSString+Base.m */ = {isa = PBXFileReference; fileEncoding = 4; lastKnownFileType = sourcecode.c.objc; path = "NSString+Base.m"; sourceTree = "<group>"; };
		D6C5FAE61A9DCC3B00BABA36 /* SitUpViewController.h */ = {isa = PBXFileReference; fileEncoding = 4; lastKnownFileType = sourcecode.c.h; name = SitUpViewController.h; path = Classes/ViewControllers/SitUpViewController.h; sourceTree = "<group>"; };
		D6C5FAE71A9DCC3B00BABA36 /* SitUpViewController.m */ = {isa = PBXFileReference; fileEncoding = 4; lastKnownFileType = sourcecode.c.objc; name = SitUpViewController.m; path = Classes/ViewControllers/SitUpViewController.m; sourceTree = "<group>"; };
		D6C5FAE91A9DCC4E00BABA36 /* SquatViewController.h */ = {isa = PBXFileReference; fileEncoding = 4; lastKnownFileType = sourcecode.c.h; name = SquatViewController.h; path = Classes/ViewControllers/SquatViewController.h; sourceTree = "<group>"; };
		D6C5FAEA1A9DCC4E00BABA36 /* SquatViewController.m */ = {isa = PBXFileReference; fileEncoding = 4; lastKnownFileType = sourcecode.c.objc; name = SquatViewController.m; path = Classes/ViewControllers/SquatViewController.m; sourceTree = "<group>"; };
		D6C5FAEC1A9DCC6500BABA36 /* WalkViewController.h */ = {isa = PBXFileReference; fileEncoding = 4; lastKnownFileType = sourcecode.c.h; name = WalkViewController.h; path = Classes/ViewControllers/WalkViewController.h; sourceTree = "<group>"; };
		D6C5FAED1A9DCC6500BABA36 /* WalkViewController.m */ = {isa = PBXFileReference; fileEncoding = 4; lastKnownFileType = sourcecode.c.objc; name = WalkViewController.m; path = Classes/ViewControllers/WalkViewController.m; sourceTree = "<group>"; };
		D6C5FAF01A9DD1A600BABA36 /* TarBarViewController.h */ = {isa = PBXFileReference; fileEncoding = 4; lastKnownFileType = sourcecode.c.h; name = TarBarViewController.h; path = Classes/ViewControllers/TarBarViewController.h; sourceTree = "<group>"; };
		D6C5FAF11A9DD1A600BABA36 /* TarBarViewController.m */ = {isa = PBXFileReference; fileEncoding = 4; lastKnownFileType = sourcecode.c.objc; name = TarBarViewController.m; path = Classes/ViewControllers/TarBarViewController.m; sourceTree = "<group>"; };
		D6C93F591B71BAF300AA0A2E /* DefineHelper.h */ = {isa = PBXFileReference; lastKnownFileType = sourcecode.c.h; path = DefineHelper.h; sourceTree = "<group>"; };
		D6C93F5B1B71DC7D00AA0A2E /* WQTableData.h */ = {isa = PBXFileReference; fileEncoding = 4; lastKnownFileType = sourcecode.c.h; name = WQTableData.h; path = Classes/Tools/WQTableView/WQTableData/WQTableData.h; sourceTree = "<group>"; };
		D6C93F5C1B71DC7D00AA0A2E /* WQTableData.m */ = {isa = PBXFileReference; fileEncoding = 4; lastKnownFileType = sourcecode.c.objc; name = WQTableData.m; path = Classes/Tools/WQTableView/WQTableData/WQTableData.m; sourceTree = "<group>"; };
		D6C93F5E1B71DF4B00AA0A2E /* DataLoader.h */ = {isa = PBXFileReference; fileEncoding = 4; lastKnownFileType = sourcecode.c.h; name = DataLoader.h; path = Classes/CoreDataHelpers/DataLoader.h; sourceTree = "<group>"; };
		D6C93F5F1B71DF4B00AA0A2E /* DataLoader.m */ = {isa = PBXFileReference; fileEncoding = 4; lastKnownFileType = sourcecode.c.objc; name = DataLoader.m; path = Classes/CoreDataHelpers/DataLoader.m; sourceTree = "<group>"; };
		D6D6163D1B4846D9001AB663 /* SettingsDetailViewController.h */ = {isa = PBXFileReference; fileEncoding = 4; lastKnownFileType = sourcecode.c.h; name = SettingsDetailViewController.h; path = Classes/ViewControllers/SettingsDetailViewController.h; sourceTree = "<group>"; };
		D6D6163E1B4846D9001AB663 /* SettingsDetailViewController.m */ = {isa = PBXFileReference; fileEncoding = 4; lastKnownFileType = sourcecode.c.objc; name = SettingsDetailViewController.m; path = Classes/ViewControllers/SettingsDetailViewController.m; sourceTree = "<group>"; };
		D6DC62D21A9B355700E03ED6 /* ExerciseViewController.h */ = {isa = PBXFileReference; fileEncoding = 4; lastKnownFileType = sourcecode.c.h; name = ExerciseViewController.h; path = Classes/ViewControllers/ExerciseViewController.h; sourceTree = "<group>"; };
		D6DC62D31A9B355700E03ED6 /* ExerciseViewController.m */ = {isa = PBXFileReference; fileEncoding = 4; lastKnownFileType = sourcecode.c.objc; name = ExerciseViewController.m; path = Classes/ViewControllers/ExerciseViewController.m; sourceTree = "<group>"; };
		D6DFAB371AD6158D00C5D37C /* Store.h */ = {isa = PBXFileReference; fileEncoding = 4; lastKnownFileType = sourcecode.c.h; name = Store.h; path = Classes/Entities/Store.h; sourceTree = "<group>"; };
		D6DFAB381AD6158D00C5D37C /* Store.m */ = {isa = PBXFileReference; fileEncoding = 4; lastKnownFileType = sourcecode.c.objc; name = Store.m; path = Classes/Entities/Store.m; sourceTree = "<group>"; };
		D6DFAB3A1AD615CD00C5D37C /* StoreCoreDataHelper.h */ = {isa = PBXFileReference; fileEncoding = 4; lastKnownFileType = sourcecode.c.h; name = StoreCoreDataHelper.h; path = Classes/CoreDataHelpers/StoreCoreDataHelper.h; sourceTree = "<group>"; };
		D6DFAB3B1AD615CD00C5D37C /* StoreCoreDataHelper.m */ = {isa = PBXFileReference; fileEncoding = 4; lastKnownFileType = sourcecode.c.objc; name = StoreCoreDataHelper.m; path = Classes/CoreDataHelpers/StoreCoreDataHelper.m; sourceTree = "<group>"; };
		D6F53B851AC6660500289E6C /* b4.wav */ = {isa = PBXFileReference; lastKnownFileType = audio.wav; name = b4.wav; path = Classes/Sounds/b4.wav; sourceTree = "<group>"; };
		D6F53B861AC6660500289E6C /* c5.wav */ = {isa = PBXFileReference; lastKnownFileType = audio.wav; name = c5.wav; path = Classes/Sounds/c5.wav; sourceTree = "<group>"; };
		D6F53B8B1AC6663B00289E6C /* coin.mp3 */ = {isa = PBXFileReference; lastKnownFileType = audio.mp3; name = coin.mp3; path = Classes/Sounds/coin.mp3; sourceTree = "<group>"; };
		D6F53B8C1AC6663B00289E6C /* exercise.wav */ = {isa = PBXFileReference; lastKnownFileType = audio.wav; name = exercise.wav; path = Classes/Sounds/exercise.wav; sourceTree = "<group>"; };
		D6F8D9701ACE5A2B001B8772 /* NSDate+Base.h */ = {isa = PBXFileReference; fileEncoding = 4; lastKnownFileType = sourcecode.c.h; path = "NSDate+Base.h"; sourceTree = "<group>"; };
		D6F8D9711ACE5A2B001B8772 /* NSDate+Base.m */ = {isa = PBXFileReference; fileEncoding = 4; lastKnownFileType = sourcecode.c.objc; path = "NSDate+Base.m"; sourceTree = "<group>"; };
		D6FC51D51B1BEEB10023B898 /* WQAnimateLabel.h */ = {isa = PBXFileReference; fileEncoding = 4; lastKnownFileType = sourcecode.c.h; name = WQAnimateLabel.h; path = Classes/Tools/WQAnimateLabel/WQAnimateLabel.h; sourceTree = "<group>"; };
		D6FC51D61B1BEEB10023B898 /* WQAnimateLabel.m */ = {isa = PBXFileReference; fileEncoding = 4; lastKnownFileType = sourcecode.c.objc; name = WQAnimateLabel.m; path = Classes/Tools/WQAnimateLabel/WQAnimateLabel.m; sourceTree = "<group>"; };
		D6FFCDD81AD0EB9100EB8305 /* StoreViewController.h */ = {isa = PBXFileReference; fileEncoding = 4; lastKnownFileType = sourcecode.c.h; name = StoreViewController.h; path = Classes/ViewControllers/StoreViewController.h; sourceTree = "<group>"; };
		D6FFCDD91AD0EB9100EB8305 /* StoreViewController.m */ = {isa = PBXFileReference; fileEncoding = 4; lastKnownFileType = sourcecode.c.objc; name = StoreViewController.m; path = Classes/ViewControllers/StoreViewController.m; sourceTree = "<group>"; };
		EACD925073D99B1C16971AC3 /* libPods.a */ = {isa = PBXFileReference; explicitFileType = archive.ar; includeInIndex = 0; path = libPods.a; sourceTree = BUILT_PRODUCTS_DIR; };
/* End PBXFileReference section */

/* Begin PBXFrameworksBuildPhase section */
		D639C41E1A90DA2800715BA9 /* Frameworks */ = {
			isa = PBXFrameworksBuildPhase;
			buildActionMask = 2147483647;
			files = (
				D6AF0B411B4ACFBE00578CE9 /* libz.dylib in Frameworks */,
				D676E43C1AA21CB3003BF293 /* CoreGraphics.framework in Frameworks */,
				D676E43A1AA21CA5003BF293 /* CoreMotion.framework in Frameworks */,
				D676E4201AA1AC35003BF293 /* AudioToolbox.framework in Frameworks */,
				D6AF0B3F1B4ACD4500578CE9 /* libMobClickLibrary.a in Frameworks */,
				2ED28DCBC8CD18A77D8158FC /* libPods.a in Frameworks */,
			);
			runOnlyForDeploymentPostprocessing = 0;
		};
/* End PBXFrameworksBuildPhase section */

/* Begin PBXGroup section */
		C58980643D9E60D34B69B091 /* Pods */ = {
			isa = PBXGroup;
			children = (
				CDC969D4E8FD20623932CFBB /* Pods.debug.xcconfig */,
				9DB74F1237C4755E990862E1 /* Pods.release.xcconfig */,
			);
			name = Pods;
			sourceTree = "<group>";
		};
		D614F51D1B48311D0099929A /* CoreDataEntities */ = {
			isa = PBXGroup;
			children = (
				D6DFAB371AD6158D00C5D37C /* Store.h */,
				D6DFAB381AD6158D00C5D37C /* Store.m */,
				D6B6B7B81ACFFFDD00264C5D /* Account.h */,
				D6B6B7B91ACFFFDD00264C5D /* Account.m */,
				D6B6B7B51ACFFFDC00264C5D /* Exercise.h */,
				D6B6B7B61ACFFFDC00264C5D /* Exercise.m */,
			);
			name = CoreDataEntities;
			sourceTree = "<group>";
		};
		D614F51E1B48313D0099929A /* HttpDataEntities */ = {
			isa = PBXGroup;
			children = (
				D614F51F1B4832C80099929A /* DataItemDetail.h */,
				D614F5201B4832C80099929A /* DataItemDetail.m */,
				D614F5221B4832EA0099929A /* DataItemResult.h */,
				D614F5231B4832EA0099929A /* DataItemResult.m */,
			);
			name = HttpDataEntities;
			sourceTree = "<group>";
		};
		D61A101B1A971FD400B2C64C /* WQProgressBar */ = {
			isa = PBXGroup;
			children = (
				D61A10241A972F3100B2C64C /* WQProgressBar.h */,
				D61A10231A972F3100B2C64C /* WQProgressBar.m */,
			);
			name = WQProgressBar;
			sourceTree = "<group>";
		};
		D61A101F1A972E1500B2C64C /* WQCalendar */ = {
			isa = PBXGroup;
			children = (
				D61A10261A972F4100B2C64C /* WQCalendar.h */,
				D61A10271A972F4100B2C64C /* WQCalendar.m */,
				D61A102C1A97302F00B2C64C /* WQCalendarTile.h */,
				D61A102D1A97302F00B2C64C /* WQCalendarTile.m */,
			);
			name = WQCalendar;
			sourceTree = "<group>";
		};
		D639C4181A90DA2800715BA9 = {
			isa = PBXGroup;
			children = (
				D676E4381AA21C3A003BF293 /* Frameworks */,
				D639C4231A90DA2800715BA9 /* FitYourBuddy */,
				D639C4221A90DA2800715BA9 /* Products */,
				C58980643D9E60D34B69B091 /* Pods */,
			);
			sourceTree = "<group>";
		};
		D639C4221A90DA2800715BA9 /* Products */ = {
			isa = PBXGroup;
			children = (
				D639C4211A90DA2800715BA9 /* FitYourBuddy.app */,
			);
			name = Products;
			sourceTree = "<group>";
		};
		D639C4231A90DA2800715BA9 /* FitYourBuddy */ = {
			isa = PBXGroup;
			children = (
				D6AFCAEF1AC5A9FA00400358 /* Util */,
				D6A8CB4E1ABD6755003F7650 /* Constant */,
				D6A8CB4A1ABD6663003F7650 /* Category */,
				D676E4121AA1A4C0003BF293 /* Sounds */,
				D639C4501A90DCAB00715BA9 /* ViewControllers */,
				D639C44F1A90DCA500715BA9 /* Tools */,
				D639C44E1A90DC9B00715BA9 /* Entities */,
				D639C44D1A90DC8F00715BA9 /* DataHelpers */,
				D639C4281A90DA2800715BA9 /* AppDelegate.h */,
				D639C4291A90DA2800715BA9 /* AppDelegate.m */,
				D639C4341A90DA2800715BA9 /* Images.xcassets */,
				D639C42B1A90DA2800715BA9 /* FitYourBuddy.xcdatamodeld */,
				D639C4241A90DA2800715BA9 /* Supporting Files */,
			);
			path = FitYourBuddy;
			sourceTree = "<group>";
		};
		D639C4241A90DA2800715BA9 /* Supporting Files */ = {
			isa = PBXGroup;
			children = (
				D639C4251A90DA2800715BA9 /* Info.plist */,
				D639C4261A90DA2800715BA9 /* main.m */,
			);
			name = "Supporting Files";
			sourceTree = "<group>";
		};
		D639C44D1A90DC8F00715BA9 /* DataHelpers */ = {
			isa = PBXGroup;
			children = (
				D6A4EAEE1B7AEAC200E4FAB7 /* DataHttp */,
				D65467AF1AACA86300FE38E3 /* AccountCoreDataHelper.h */,
				D65467B01AACA86300FE38E3 /* AccountCoreDataHelper.m */,
				D65467B21AACA8C600FE38E3 /* ExerciseCoreDataHelper.h */,
				D65467B31AACA8C600FE38E3 /* ExerciseCoreDataHelper.m */,
				D6DFAB3A1AD615CD00C5D37C /* StoreCoreDataHelper.h */,
				D6DFAB3B1AD615CD00C5D37C /* StoreCoreDataHelper.m */,
			);
			name = DataHelpers;
			sourceTree = "<group>";
		};
		D639C44E1A90DC9B00715BA9 /* Entities */ = {
			isa = PBXGroup;
			children = (
				D614F51E1B48313D0099929A /* HttpDataEntities */,
				D614F51D1B48311D0099929A /* CoreDataEntities */,
			);
			name = Entities;
			sourceTree = "<group>";
		};
		D639C44F1A90DCA500715BA9 /* Tools */ = {
			isa = PBXGroup;
			children = (
				D6AF0B3B1B4ACB5200578CE9 /* Umeng */,
				D696FD4D1AFF6B4B0023FD1F /* FXBlurView */,
				D66C06FD1B00AB1800A405DF /* MJRefresh */,
				D676E4211AA1AE10003BF293 /* SoundTool */,
				D676E4281AA21A4A003BF293 /* StepCounter */,
				D6FC51D31B1BEE580023B898 /* WQAnimateLabel */,
				D61A101F1A972E1500B2C64C /* WQCalendar */,
				D669BE6C1A9D997000DE6FA6 /* WQCircleProgressBar */,
				D61A101B1A971FD400B2C64C /* WQProgressBar */,
				D67786721ADE08A6009DCC7C /* WQTableView */,
			);
			name = Tools;
			sourceTree = "<group>";
		};
		D639C4501A90DCAB00715BA9 /* ViewControllers */ = {
			isa = PBXGroup;
			children = (
				D677866E1ADDF588009DCC7C /* Debug */,
				D6FFCDD71AD0EB5400EB8305 /* Store */,
				D65467B51AACAD6100FE38E3 /* Loading&Welcome */,
				D6C5FAEF1A9DD0F800BABA36 /* TarBar */,
				D6DC62D11A9B34A800E03ED6 /* Exercise */,
				D63FCF3B1A96291700582386 /* History */,
				D63FCF3A1A96290D00582386 /* Friends */,
				D63FCF391A96290400582386 /* Settings */,
				D63FCF381A9628F400582386 /* Index */,
				D6259A2B1B52BDEC00F99CF6 /* BaseViewController.h */,
				D6259A2C1B52BDEC00F99CF6 /* BaseViewController.m */,
			);
			name = ViewControllers;
			sourceTree = "<group>";
		};
		D63FCF381A9628F400582386 /* Index */ = {
			isa = PBXGroup;
			children = (
				D639C4541A90DE8400715BA9 /* IndexViewController.h */,
				D639C4551A90DE8400715BA9 /* IndexViewController.m */,
			);
			name = Index;
			sourceTree = "<group>";
		};
		D63FCF391A96290400582386 /* Settings */ = {
			isa = PBXGroup;
			children = (
				D63FCF351A9628EE00582386 /* SettingsViewController.h */,
				D63FCF361A9628EE00582386 /* SettingsViewController.m */,
				D6D6163D1B4846D9001AB663 /* SettingsDetailViewController.h */,
				D6D6163E1B4846D9001AB663 /* SettingsDetailViewController.m */,
			);
			name = Settings;
			sourceTree = "<group>";
		};
		D63FCF3A1A96290D00582386 /* Friends */ = {
			isa = PBXGroup;
			children = (
				D63FCF3C1A96293A00582386 /* FriendsViewController.h */,
				D63FCF3D1A96293A00582386 /* FriendsViewController.m */,
				D65AF01E1B91F2A90023874C /* FriendsTableViewCell.h */,
				D65AF01F1B91F2A90023874C /* FriendsTableViewCell.m */,
			);
			name = Friends;
			sourceTree = "<group>";
		};
		D63FCF3B1A96291700582386 /* History */ = {
			isa = PBXGroup;
			children = (
				D63FCF3F1A962EA100582386 /* HistoryViewController.h */,
				D63FCF401A962EA100582386 /* HistoryViewController.m */,
				D67CE8881ACC42C7005E8BB9 /* HistoryExerciseView.h */,
				D67CE8891ACC42C7005E8BB9 /* HistoryExerciseView.m */,
			);
			name = History;
			sourceTree = "<group>";
		};
		D65467B51AACAD6100FE38E3 /* Loading&Welcome */ = {
			isa = PBXGroup;
			children = (
				D65467B61AACADF300FE38E3 /* WelcomeViewController.h */,
				D65467B71AACADF300FE38E3 /* WelcomeViewController.m */,
				D67F689C1AFB3CD600E2B97D /* LoadingViewController.h */,
				D67F689D1AFB3CD600E2B97D /* LoadingViewController.m */,
			);
			name = "Loading&Welcome";
			sourceTree = "<group>";
		};
		D669BE6C1A9D997000DE6FA6 /* WQCircleProgressBar */ = {
			isa = PBXGroup;
			children = (
				D669BE6D1A9D9A7B00DE6FA6 /* WQCircleProgressBar.h */,
				D669BE6E1A9D9A7B00DE6FA6 /* WQCircleProgressBar.m */,
			);
			name = WQCircleProgressBar;
			sourceTree = "<group>";
		};
		D66C06FD1B00AB1800A405DF /* MJRefresh */ = {
			isa = PBXGroup;
			children = (
				D66C06FE1B00AB1800A405DF /* MJRefresh.h */,
				D66C06FF1B00AB1800A405DF /* MJRefreshBaseView.h */,
				D66C07001B00AB1800A405DF /* MJRefreshBaseView.m */,
				D66C07011B00AB1800A405DF /* MJRefreshConst.h */,
				D66C07021B00AB1800A405DF /* MJRefreshConst.m */,
				D66C07031B00AB1800A405DF /* MJRefreshFooterView.h */,
				D66C07041B00AB1800A405DF /* MJRefreshFooterView.m */,
				D66C07051B00AB1800A405DF /* MJRefreshHeaderView.h */,
				D66C07061B00AB1800A405DF /* MJRefreshHeaderView.m */,
				D66C07071B00AB1800A405DF /* UIScrollView+MJExtension.h */,
				D66C07081B00AB1800A405DF /* UIScrollView+MJExtension.m */,
				D66C07091B00AB1800A405DF /* UIScrollView+MJRefresh.h */,
				D66C070A1B00AB1800A405DF /* UIScrollView+MJRefresh.m */,
				D66C070B1B00AB1800A405DF /* UIView+MJExtension.h */,
				D66C070C1B00AB1800A405DF /* UIView+MJExtension.m */,
			);
			name = MJRefresh;
			path = Classes/Tools/MJRefresh;
			sourceTree = "<group>";
		};
		D676E4121AA1A4C0003BF293 /* Sounds */ = {
			isa = PBXGroup;
			children = (
				D68CC3531B1B5F2200B7F708 /* a3.wav */,
				D68CC3541B1B5F2200B7F708 /* b3.wav */,
				D68CC3551B1B5F2200B7F708 /* d3.wav */,
				D68CC3561B1B5F2200B7F708 /* f3#.wav */,
				D68CC3571B1B5F2200B7F708 /* g3.wav */,
				D68CC3411B1B4C4400B7F708 /* 1.mp3 */,
				D68CC3421B1B4C4400B7F708 /* 2.mp3 */,
				D68CC3431B1B4C4400B7F708 /* 3.mp3 */,
				D68CC3441B1B4C4400B7F708 /* ready.mp3 */,
				D6F53B8B1AC6663B00289E6C /* coin.mp3 */,
				D6F53B8C1AC6663B00289E6C /* exercise.wav */,
				D6F53B851AC6660500289E6C /* b4.wav */,
				D6F53B861AC6660500289E6C /* c5.wav */,
				D676E4131AA1A4E6003BF293 /* a4.wav */,
				D676E4141AA1A4E6003BF293 /* c4.wav */,
				D676E4151AA1A4E6003BF293 /* d4.wav */,
				D676E4161AA1A4E6003BF293 /* e4.wav */,
				D676E4171AA1A4E6003BF293 /* f4.wav */,
				D676E4181AA1A4E6003BF293 /* g4.wav */,
			);
			name = Sounds;
			sourceTree = "<group>";
		};
		D676E4211AA1AE10003BF293 /* SoundTool */ = {
			isa = PBXGroup;
			children = (
				D676E4221AA1AE98003BF293 /* SoundTool.h */,
				D676E4231AA1AE98003BF293 /* SoundTool.m */,
			);
			name = SoundTool;
			sourceTree = "<group>";
		};
		D676E4281AA21A4A003BF293 /* StepCounter */ = {
			isa = PBXGroup;
			children = (
				D676E4291AA21A4A003BF293 /* Filert */,
				D676E42C1AA21A4A003BF293 /* Manager */,
			);
			name = StepCounter;
			path = Classes/Tools/StepCounter;
			sourceTree = "<group>";
		};
		D676E4291AA21A4A003BF293 /* Filert */ = {
			isa = PBXGroup;
			children = (
				D676E42A1AA21A4A003BF293 /* EBAccelerometerFilter.h */,
				D676E42B1AA21A4A003BF293 /* EBAccelerometerFilter.m */,
			);
			path = Filert;
			sourceTree = "<group>";
		};
		D676E42C1AA21A4A003BF293 /* Manager */ = {
			isa = PBXGroup;
			children = (
				D676E42D1AA21A4A003BF293 /* EBM7Manager.h */,
				D676E42E1AA21A4A003BF293 /* EBM7Manager.m */,
				D676E42F1AA21A4A003BF293 /* EBMotionManager.h */,
				D676E4301AA21A4A003BF293 /* EBMotionManager.m */,
				D676E4311AA21A4A003BF293 /* EBStepManager.h */,
				D676E4321AA21A4A003BF293 /* EBStepManager.m */,
				D676E4331AA21A4A003BF293 /* ManagerCommon.h */,
			);
			path = Manager;
			sourceTree = "<group>";
		};
		D676E4381AA21C3A003BF293 /* Frameworks */ = {
			isa = PBXGroup;
			children = (
				D6AF0B401B4ACFBE00578CE9 /* libz.dylib */,
				D676E43B1AA21CB3003BF293 /* CoreGraphics.framework */,
				D676E4391AA21CA5003BF293 /* CoreMotion.framework */,
				D676E41F1AA1AC35003BF293 /* AudioToolbox.framework */,
				EACD925073D99B1C16971AC3 /* libPods.a */,
			);
			name = Frameworks;
			sourceTree = "<group>";
		};
		D677866E1ADDF588009DCC7C /* Debug */ = {
			isa = PBXGroup;
			children = (
				D677866F1ADDF5B6009DCC7C /* DebugViewController.h */,
				D67786701ADDF5B6009DCC7C /* DebugViewController.m */,
			);
			name = Debug;
			sourceTree = "<group>";
		};
		D67786721ADE08A6009DCC7C /* WQTableView */ = {
			isa = PBXGroup;
			children = (
				D6C93F5A1B71D92D00AA0A2E /* WQTableData */,
				D67786731ADE08DB009DCC7C /* WQTableViewCell */,
				D67786741ADE092D009DCC7C /* WQTableView.h */,
				D67786751ADE092D009DCC7C /* WQTableView.m */,
			);
			name = WQTableView;
			sourceTree = "<group>";
		};
		D67786731ADE08DB009DCC7C /* WQTableViewCell */ = {
			isa = PBXGroup;
			children = (
				D67786771ADE429D009DCC7C /* WQTableViewCell.h */,
				D67786781ADE429D009DCC7C /* WQTableViewCell.m */,
				D6154C6A1B88430A000ACD01 /* WQErrorTableViewCell.h */,
				D6154C6B1B88430A000ACD01 /* WQErrorTableViewCell.m */,
				D6154C6D1B8847B2000ACD01 /* WQLoadingTableViewCell.h */,
				D6154C6E1B8847B2000ACD01 /* WQLoadingTableViewCell.m */,
				D6154C701B884D59000ACD01 /* WQMoreTableViewCell.h */,
				D6154C711B884D59000ACD01 /* WQMoreTableViewCell.m */,
			);
			name = WQTableViewCell;
			sourceTree = "<group>";
		};
		D696FD4D1AFF6B4B0023FD1F /* FXBlurView */ = {
			isa = PBXGroup;
			children = (
				D696FD4A1AFF6B470023FD1F /* FXBlurView.h */,
				D696FD4B1AFF6B470023FD1F /* FXBlurView.m */,
			);
			name = FXBlurView;
			sourceTree = "<group>";
		};
		D6A4EAEE1B7AEAC200E4FAB7 /* DataHttp */ = {
			isa = PBXGroup;
			children = (
				D6C93F5E1B71DF4B00AA0A2E /* DataLoader.h */,
				D6C93F5F1B71DF4B00AA0A2E /* DataLoader.m */,
				D6A4EAEF1B7AEB4C00E4FAB7 /* HttpTask.h */,
				D6A4EAF01B7AEB4C00E4FAB7 /* HttpTask.m */,
				D6A4EAF91B7AF0F600E4FAB7 /* NetworkReachability.h */,
				D6A4EAF71B7AF0DF00E4FAB7 /* NetworkReachability.m */,
				D6A4EB2C1B7C7BB500E4FAB7 /* HttpHelper.h */,
				D6A4EB2D1B7C7BB500E4FAB7 /* HttpHelper.m */,
			);
			name = DataHttp;
			sourceTree = "<group>";
		};
		D6A8CB4A1ABD6663003F7650 /* Category */ = {
			isa = PBXGroup;
			children = (
				D6F8D9701ACE5A2B001B8772 /* NSDate+Base.h */,
				D6F8D9711ACE5A2B001B8772 /* NSDate+Base.m */,
				D6BBD0801AC310B300B56935 /* NSString+Base.h */,
				D6BBD0811AC310B300B56935 /* NSString+Base.m */,
				D6AFCAEC1AC5A62400400358 /* UIImage+Base.h */,
				D6AFCAED1AC5A62400400358 /* UIImage+Base.m */,
				D6A8CB511ABD7FEB003F7650 /* UIView+Base.h */,
				D6A8CB521ABD7FEB003F7650 /* UIView+Base.m */,
			);
			name = Category;
			path = Classes/Category;
			sourceTree = "<group>";
		};
		D6A8CB4E1ABD6755003F7650 /* Constant */ = {
			isa = PBXGroup;
			children = (
				D6A8CB4F1ABD6D83003F7650 /* PrefixHeader.pch */,
				D6A8CB501ABD6F93003F7650 /* Constant.h */,
				D6C93F591B71BAF300AA0A2E /* DefineHelper.h */,
				D6154C731B886748000ACD01 /* HttpConstant.h */,
			);
			name = Constant;
			path = Classes/Constant;
			sourceTree = "<group>";
		};
		D6AF0B3B1B4ACB5200578CE9 /* Umeng */ = {
			isa = PBXGroup;
			children = (
				D6AF0B3C1B4ACB5D00578CE9 /* MobClick */,
			);
			name = Umeng;
			sourceTree = "<group>";
		};
		D6AF0B3C1B4ACB5D00578CE9 /* MobClick */ = {
			isa = PBXGroup;
			children = (
				D6AF0B3D1B4ACD4500578CE9 /* libMobClickLibrary.a */,
				D6AF0B3E1B4ACD4500578CE9 /* MobClick.h */,
			);
			name = MobClick;
			sourceTree = "<group>";
		};
		D6AFCAEF1AC5A9FA00400358 /* Util */ = {
			isa = PBXGroup;
			children = (
				D6AFCAF01AC5AA8A00400358 /* CommonUtil.h */,
				D6AFCAF11AC5AA8A00400358 /* CommonUtil.m */,
				D63E2DB11AD3B63A00D86030 /* TimerManager.h */,
				D63E2DB21AD3B63A00D86030 /* TimerManager.m */,
				D6A4EB2F1B7C843E00E4FAB7 /* AppCore.h */,
				D6A4EB301B7C843E00E4FAB7 /* AppCore.m */,
			);
			name = Util;
			sourceTree = "<group>";
		};
		D6C5FAEF1A9DD0F800BABA36 /* TarBar */ = {
			isa = PBXGroup;
			children = (
				D6C5FAF01A9DD1A600BABA36 /* TarBarViewController.h */,
				D6C5FAF11A9DD1A600BABA36 /* TarBarViewController.m */,
			);
			name = TarBar;
			sourceTree = "<group>";
		};
		D6C93F5A1B71D92D00AA0A2E /* WQTableData */ = {
			isa = PBXGroup;
			children = (
				D6C93F5B1B71DC7D00AA0A2E /* WQTableData.h */,
				D6C93F5C1B71DC7D00AA0A2E /* WQTableData.m */,
			);
			name = WQTableData;
			sourceTree = "<group>";
		};
		D6DC62D11A9B34A800E03ED6 /* Exercise */ = {
			isa = PBXGroup;
			children = (
				D6DC62D21A9B355700E03ED6 /* ExerciseViewController.h */,
				D6DC62D31A9B355700E03ED6 /* ExerciseViewController.m */,
				D6A69ECD1A9C58CD0061603F /* PushUpViewController.h */,
				D6A69ECE1A9C58CD0061603F /* PushUpViewController.m */,
				D6C5FAE61A9DCC3B00BABA36 /* SitUpViewController.h */,
				D6C5FAE71A9DCC3B00BABA36 /* SitUpViewController.m */,
				D6C5FAE91A9DCC4E00BABA36 /* SquatViewController.h */,
				D6C5FAEA1A9DCC4E00BABA36 /* SquatViewController.m */,
				D6C5FAEC1A9DCC6500BABA36 /* WalkViewController.h */,
				D6C5FAED1A9DCC6500BABA36 /* WalkViewController.m */,
				D6B5D59A1AB51D4700B6BA01 /* CompleteViewController.h */,
				D6B5D59B1AB51D4700B6BA01 /* CompleteViewController.m */,
				D65352CA1B48DF52007CD311 /* WorkOutViewController.h */,
				D65352CB1B48DF52007CD311 /* WorkOutViewController.m */,
			);
			name = Exercise;
			sourceTree = "<group>";
		};
		D6FC51D31B1BEE580023B898 /* WQAnimateLabel */ = {
			isa = PBXGroup;
			children = (
				D6FC51D51B1BEEB10023B898 /* WQAnimateLabel.h */,
				D6FC51D61B1BEEB10023B898 /* WQAnimateLabel.m */,
			);
			name = WQAnimateLabel;
			sourceTree = "<group>";
		};
		D6FFCDD71AD0EB5400EB8305 /* Store */ = {
			isa = PBXGroup;
			children = (
				D6FFCDD81AD0EB9100EB8305 /* StoreViewController.h */,
				D6FFCDD91AD0EB9100EB8305 /* StoreViewController.m */,
			);
			name = Store;
			sourceTree = "<group>";
		};
/* End PBXGroup section */

/* Begin PBXNativeTarget section */
		D639C4201A90DA2800715BA9 /* FitYourBuddy */ = {
			isa = PBXNativeTarget;
			buildConfigurationList = D639C4471A90DA2900715BA9 /* Build configuration list for PBXNativeTarget "FitYourBuddy" */;
			buildPhases = (
				F32E810897A86E6A33E5B6B8 /* Check Pods Manifest.lock */,
				D639C41D1A90DA2800715BA9 /* Sources */,
				D639C41E1A90DA2800715BA9 /* Frameworks */,
				D639C41F1A90DA2800715BA9 /* Resources */,
				3BB23BF830CC2110DB5FA6D7 /* Copy Pods Resources */,
			);
			buildRules = (
			);
			dependencies = (
			);
			name = FitYourBuddy;
			productName = FitYourBuddy;
			productReference = D639C4211A90DA2800715BA9 /* FitYourBuddy.app */;
			productType = "com.apple.product-type.application";
		};
/* End PBXNativeTarget section */

/* Begin PBXProject section */
		D639C4191A90DA2800715BA9 /* Project object */ = {
			isa = PBXProject;
			attributes = {
				LastUpgradeCheck = 0610;
				ORGANIZATIONNAME = xpz;
				TargetAttributes = {
					D639C4201A90DA2800715BA9 = {
						CreatedOnToolsVersion = 6.1.1;
						DevelopmentTeam = 6PYG8HY9TW;
					};
				};
			};
			buildConfigurationList = D639C41C1A90DA2800715BA9 /* Build configuration list for PBXProject "FitYourBuddy" */;
			compatibilityVersion = "Xcode 3.2";
			developmentRegion = English;
			hasScannedForEncodings = 0;
			knownRegions = (
				en,
				Base,
			);
			mainGroup = D639C4181A90DA2800715BA9;
			productRefGroup = D639C4221A90DA2800715BA9 /* Products */;
			projectDirPath = "";
			projectRoot = "";
			targets = (
				D639C4201A90DA2800715BA9 /* FitYourBuddy */,
			);
		};
/* End PBXProject section */

/* Begin PBXResourcesBuildPhase section */
		D639C41F1A90DA2800715BA9 /* Resources */ = {
			isa = PBXResourcesBuildPhase;
			buildActionMask = 2147483647;
			files = (
				D68CC35C1B1B5F2200B7F708 /* g3.wav in Resources */,
				D68CC3451B1B4C4400B7F708 /* 1.mp3 in Resources */,
				D68CC3591B1B5F2200B7F708 /* b3.wav in Resources */,
				D68CC3481B1B4C4400B7F708 /* ready.mp3 in Resources */,
				D6F53B891AC6660500289E6C /* b4.wav in Resources */,
				D6F53B8D1AC6663B00289E6C /* coin.mp3 in Resources */,
				D68CC3461B1B4C4400B7F708 /* 2.mp3 in Resources */,
				D676E41C1AA1A4E6003BF293 /* e4.wav in Resources */,
				D68CC3581B1B5F2200B7F708 /* a3.wav in Resources */,
				D6F53B8E1AC6663B00289E6C /* exercise.wav in Resources */,
				D639C4351A90DA2800715BA9 /* Images.xcassets in Resources */,
				D676E41A1AA1A4E6003BF293 /* c4.wav in Resources */,
				D68CC3471B1B4C4400B7F708 /* 3.mp3 in Resources */,
				D676E41E1AA1A4E6003BF293 /* g4.wav in Resources */,
				D676E41B1AA1A4E6003BF293 /* d4.wav in Resources */,
				D6F53B8A1AC6660500289E6C /* c5.wav in Resources */,
				D68CC35A1B1B5F2200B7F708 /* d3.wav in Resources */,
				D68CC35B1B1B5F2200B7F708 /* f3#.wav in Resources */,
				D676E41D1AA1A4E6003BF293 /* f4.wav in Resources */,
				D676E4191AA1A4E6003BF293 /* a4.wav in Resources */,
			);
			runOnlyForDeploymentPostprocessing = 0;
		};
/* End PBXResourcesBuildPhase section */

/* Begin PBXShellScriptBuildPhase section */
		3BB23BF830CC2110DB5FA6D7 /* Copy Pods Resources */ = {
			isa = PBXShellScriptBuildPhase;
			buildActionMask = 2147483647;
			files = (
			);
			inputPaths = (
			);
			name = "Copy Pods Resources";
			outputPaths = (
			);
			runOnlyForDeploymentPostprocessing = 0;
			shellPath = /bin/sh;
			shellScript = "\"${SRCROOT}/Pods/Target Support Files/Pods/Pods-resources.sh\"\n";
			showEnvVarsInLog = 0;
		};
		F32E810897A86E6A33E5B6B8 /* Check Pods Manifest.lock */ = {
			isa = PBXShellScriptBuildPhase;
			buildActionMask = 2147483647;
			files = (
			);
			inputPaths = (
			);
			name = "Check Pods Manifest.lock";
			outputPaths = (
			);
			runOnlyForDeploymentPostprocessing = 0;
			shellPath = /bin/sh;
			shellScript = "diff \"${PODS_ROOT}/../Podfile.lock\" \"${PODS_ROOT}/Manifest.lock\" > /dev/null\nif [[ $? != 0 ]] ; then\n    cat << EOM\nerror: The sandbox is not in sync with the Podfile.lock. Run 'pod install' or update your CocoaPods installation.\nEOM\n    exit 1\nfi\n";
			showEnvVarsInLog = 0;
		};
/* End PBXShellScriptBuildPhase section */

/* Begin PBXSourcesBuildPhase section */
		D639C41D1A90DA2800715BA9 /* Sources */ = {
			isa = PBXSourcesBuildPhase;
			buildActionMask = 2147483647;
			files = (
				D676E4371AA21A4A003BF293 /* EBStepManager.m in Sources */,
				D66C07101B00AB1800A405DF /* MJRefreshHeaderView.m in Sources */,
				D6AFCAF21AC5AA8A00400358 /* CommonUtil.m in Sources */,
				D6DC62D41A9B355700E03ED6 /* ExerciseViewController.m in Sources */,
				D66C07121B00AB1800A405DF /* UIScrollView+MJRefresh.m in Sources */,
				D6259A2D1B52BDEC00F99CF6 /* BaseViewController.m in Sources */,
				D6A4EAF11B7AEB4C00E4FAB7 /* HttpTask.m in Sources */,
				D67786791ADE429D009DCC7C /* WQTableViewCell.m in Sources */,
				D6C93F5D1B71DC7D00AA0A2E /* WQTableData.m in Sources */,
				D67786761ADE092D009DCC7C /* WQTableView.m in Sources */,
				D65467B81AACADF300FE38E3 /* WelcomeViewController.m in Sources */,
				D66C070D1B00AB1800A405DF /* MJRefreshBaseView.m in Sources */,
				D6154C6C1B88430A000ACD01 /* WQErrorTableViewCell.m in Sources */,
				D639C42A1A90DA2800715BA9 /* AppDelegate.m in Sources */,
				D6A4EB311B7C843E00E4FAB7 /* AppCore.m in Sources */,
				D6B6B7B71ACFFFDC00264C5D /* Exercise.m in Sources */,
				D65467B11AACA86300FE38E3 /* AccountCoreDataHelper.m in Sources */,
				D614F5211B4832C80099929A /* DataItemDetail.m in Sources */,
				D676E4361AA21A4A003BF293 /* EBMotionManager.m in Sources */,
				D66C07111B00AB1800A405DF /* UIScrollView+MJExtension.m in Sources */,
				D6FC51D71B1BEEB10023B898 /* WQAnimateLabel.m in Sources */,
				D614F5241B4832EA0099929A /* DataItemResult.m in Sources */,
				D639C4271A90DA2800715BA9 /* main.m in Sources */,
				D65467B41AACA8C600FE38E3 /* ExerciseCoreDataHelper.m in Sources */,
				D63FCF3E1A96293A00582386 /* FriendsViewController.m in Sources */,
				D66C070E1B00AB1800A405DF /* MJRefreshConst.m in Sources */,
				D6C5FAE81A9DCC3B00BABA36 /* SitUpViewController.m in Sources */,
				D61A102A1A972F4100B2C64C /* WQCalendar.m in Sources */,
				D676E4351AA21A4A003BF293 /* EBM7Manager.m in Sources */,
				D676E4341AA21A4A003BF293 /* EBAccelerometerFilter.m in Sources */,
				D6154C721B884D59000ACD01 /* WQMoreTableViewCell.m in Sources */,
				D6A4EAF81B7AF0DF00E4FAB7 /* NetworkReachability.m in Sources */,
				D63FCF411A962EA100582386 /* HistoryViewController.m in Sources */,
				D6BBD0821AC310B300B56935 /* NSString+Base.m in Sources */,
				D639C42D1A90DA2800715BA9 /* FitYourBuddy.xcdatamodeld in Sources */,
				D6B6B7BA1ACFFFDD00264C5D /* Account.m in Sources */,
				D676E4241AA1AE98003BF293 /* SoundTool.m in Sources */,
				D6B5D59C1AB51D4700B6BA01 /* CompleteViewController.m in Sources */,
				D63FCF371A9628EE00582386 /* SettingsViewController.m in Sources */,
				D6DFAB391AD6158D00C5D37C /* Store.m in Sources */,
				D67CE88A1ACC42C7005E8BB9 /* HistoryExerciseView.m in Sources */,
				D6C5FAF21A9DD1A600BABA36 /* TarBarViewController.m in Sources */,
				D6A4EB2E1B7C7BB500E4FAB7 /* HttpHelper.m in Sources */,
				D6C5FAEB1A9DCC4E00BABA36 /* SquatViewController.m in Sources */,
				D63E2DB31AD3B63A00D86030 /* TimerManager.m in Sources */,
				D6AFCAEE1AC5A62400400358 /* UIImage+Base.m in Sources */,
				D65AF0201B91F2A90023874C /* FriendsTableViewCell.m in Sources */,
				D65352CC1B48DF52007CD311 /* WorkOutViewController.m in Sources */,
				D66C070F1B00AB1800A405DF /* MJRefreshFooterView.m in Sources */,
				D669BE6F1A9D9A7B00DE6FA6 /* WQCircleProgressBar.m in Sources */,
				D6C93F601B71DF4B00AA0A2E /* DataLoader.m in Sources */,
				D67F689E1AFB3CD600E2B97D /* LoadingViewController.m in Sources */,
				D6F8D9721ACE5A2B001B8772 /* NSDate+Base.m in Sources */,
				D61A10251A972F3100B2C64C /* WQProgressBar.m in Sources */,
				D696FD4C1AFF6B470023FD1F /* FXBlurView.m in Sources */,
				D66C07131B00AB1800A405DF /* UIView+MJExtension.m in Sources */,
				D6C5FAEE1A9DCC6500BABA36 /* WalkViewController.m in Sources */,
				D6A69ECF1A9C58CD0061603F /* PushUpViewController.m in Sources */,
				D6FFCDDA1AD0EB9100EB8305 /* StoreViewController.m in Sources */,
				D639C4561A90DE8400715BA9 /* IndexViewController.m in Sources */,
				D6DFAB3C1AD615CD00C5D37C /* StoreCoreDataHelper.m in Sources */,
				D6154C6F1B8847B2000ACD01 /* WQLoadingTableViewCell.m in Sources */,
				D6A8CB531ABD7FEB003F7650 /* UIView+Base.m in Sources */,
				D6D6163F1B4846D9001AB663 /* SettingsDetailViewController.m in Sources */,
				D61A102E1A97302F00B2C64C /* WQCalendarTile.m in Sources */,
				D67786711ADDF5B6009DCC7C /* DebugViewController.m in Sources */,
			);
			runOnlyForDeploymentPostprocessing = 0;
		};
/* End PBXSourcesBuildPhase section */

/* Begin XCBuildConfiguration section */
		D639C4451A90DA2900715BA9 /* Debug */ = {
			isa = XCBuildConfiguration;
			buildSettings = {
				ALWAYS_SEARCH_USER_PATHS = NO;
				CLANG_CXX_LANGUAGE_STANDARD = "gnu++0x";
				CLANG_CXX_LIBRARY = "libc++";
				CLANG_ENABLE_MODULES = YES;
				CLANG_ENABLE_OBJC_ARC = YES;
				CLANG_WARN_BOOL_CONVERSION = YES;
				CLANG_WARN_CONSTANT_CONVERSION = YES;
				CLANG_WARN_DIRECT_OBJC_ISA_USAGE = YES_ERROR;
				CLANG_WARN_EMPTY_BODY = YES;
				CLANG_WARN_ENUM_CONVERSION = YES;
				CLANG_WARN_INT_CONVERSION = YES;
				CLANG_WARN_OBJC_ROOT_CLASS = YES_ERROR;
				CLANG_WARN_UNREACHABLE_CODE = YES;
				CLANG_WARN__DUPLICATE_METHOD_MATCH = YES;
				"CODE_SIGN_IDENTITY[sdk=iphoneos*]" = "iPhone Developer";
				COPY_PHASE_STRIP = NO;
				ENABLE_STRICT_OBJC_MSGSEND = YES;
				GCC_C_LANGUAGE_STANDARD = gnu99;
				GCC_DYNAMIC_NO_PIC = NO;
				GCC_OPTIMIZATION_LEVEL = 0;
				GCC_PREPROCESSOR_DEFINITIONS = (
					"DEBUG=1",
					"$(inherited)",
				);
				GCC_SYMBOLS_PRIVATE_EXTERN = NO;
				GCC_WARN_64_TO_32_BIT_CONVERSION = YES;
				GCC_WARN_ABOUT_RETURN_TYPE = YES_ERROR;
				GCC_WARN_UNDECLARED_SELECTOR = YES;
				GCC_WARN_UNINITIALIZED_AUTOS = YES_AGGRESSIVE;
				GCC_WARN_UNUSED_FUNCTION = YES;
				GCC_WARN_UNUSED_VARIABLE = YES;
				IPHONEOS_DEPLOYMENT_TARGET = 8.1;
				MTL_ENABLE_DEBUG_INFO = YES;
				ONLY_ACTIVE_ARCH = YES;
				SDKROOT = iphoneos;
			};
			name = Debug;
		};
		D639C4461A90DA2900715BA9 /* Release */ = {
			isa = XCBuildConfiguration;
			buildSettings = {
				ALWAYS_SEARCH_USER_PATHS = NO;
				CLANG_CXX_LANGUAGE_STANDARD = "gnu++0x";
				CLANG_CXX_LIBRARY = "libc++";
				CLANG_ENABLE_MODULES = YES;
				CLANG_ENABLE_OBJC_ARC = YES;
				CLANG_WARN_BOOL_CONVERSION = YES;
				CLANG_WARN_CONSTANT_CONVERSION = YES;
				CLANG_WARN_DIRECT_OBJC_ISA_USAGE = YES_ERROR;
				CLANG_WARN_EMPTY_BODY = YES;
				CLANG_WARN_ENUM_CONVERSION = YES;
				CLANG_WARN_INT_CONVERSION = YES;
				CLANG_WARN_OBJC_ROOT_CLASS = YES_ERROR;
				CLANG_WARN_UNREACHABLE_CODE = YES;
				CLANG_WARN__DUPLICATE_METHOD_MATCH = YES;
				"CODE_SIGN_IDENTITY[sdk=iphoneos*]" = "iPhone Developer";
				COPY_PHASE_STRIP = YES;
				ENABLE_NS_ASSERTIONS = NO;
				ENABLE_STRICT_OBJC_MSGSEND = YES;
				GCC_C_LANGUAGE_STANDARD = gnu99;
				GCC_WARN_64_TO_32_BIT_CONVERSION = YES;
				GCC_WARN_ABOUT_RETURN_TYPE = YES_ERROR;
				GCC_WARN_UNDECLARED_SELECTOR = YES;
				GCC_WARN_UNINITIALIZED_AUTOS = YES_AGGRESSIVE;
				GCC_WARN_UNUSED_FUNCTION = YES;
				GCC_WARN_UNUSED_VARIABLE = YES;
				IPHONEOS_DEPLOYMENT_TARGET = 8.1;
				MTL_ENABLE_DEBUG_INFO = NO;
				SDKROOT = iphoneos;
				VALIDATE_PRODUCT = YES;
			};
			name = Release;
		};
		D639C4481A90DA2900715BA9 /* Debug */ = {
			isa = XCBuildConfiguration;
			baseConfigurationReference = CDC969D4E8FD20623932CFBB /* Pods.debug.xcconfig */;
			buildSettings = {
				ASSETCATALOG_COMPILER_APPICON_NAME = AppIcon;
				ASSETCATALOG_COMPILER_LAUNCHIMAGE_NAME = LaunchImage;
				CODE_SIGN_IDENTITY = "iPhone Developer";
				"CODE_SIGN_IDENTITY[sdk=iphoneos*]" = "iPhone Developer";
				ENABLE_STRICT_OBJC_MSGSEND = NO;
				GCC_PRECOMPILE_PREFIX_HEADER = YES;
				GCC_PREFIX_HEADER = "$(SRCROOT)/FitYourBuddy/Classes/Constant/PrefixHeader.pch";
				INFOPLIST_FILE = FitYourBuddy/Info.plist;
				IPHONEOS_DEPLOYMENT_TARGET = 7.0;
				LD_RUNPATH_SEARCH_PATHS = "$(inherited) @executable_path/Frameworks";
				LIBRARY_SEARCH_PATHS = (
					"$(inherited)",
					"$(PROJECT_DIR)/FitYourBuddy/Classes/Tools/Umeng/MobClick",
				);
				OTHER_LDFLAGS = "";
				PRODUCT_NAME = "$(TARGET_NAME)";
				PROVISIONING_PROFILE = "";
			};
			name = Debug;
		};
		D639C4491A90DA2900715BA9 /* Release */ = {
			isa = XCBuildConfiguration;
			baseConfigurationReference = 9DB74F1237C4755E990862E1 /* Pods.release.xcconfig */;
			buildSettings = {
				ASSETCATALOG_COMPILER_APPICON_NAME = AppIcon;
				ASSETCATALOG_COMPILER_LAUNCHIMAGE_NAME = LaunchImage;
				CODE_SIGN_IDENTITY = "iPhone Developer";
				"CODE_SIGN_IDENTITY[sdk=iphoneos*]" = "iPhone Developer";
				ENABLE_STRICT_OBJC_MSGSEND = NO;
				GCC_PRECOMPILE_PREFIX_HEADER = YES;
				GCC_PREFIX_HEADER = "$(SRCROOT)/FitYourBuddy/Classes/Constant/PrefixHeader.pch";
				INFOPLIST_FILE = FitYourBuddy/Info.plist;
				IPHONEOS_DEPLOYMENT_TARGET = 7.0;
				LD_RUNPATH_SEARCH_PATHS = "$(inherited) @executable_path/Frameworks";
				LIBRARY_SEARCH_PATHS = (
					"$(inherited)",
					"$(PROJECT_DIR)/FitYourBuddy/Classes/Tools/Umeng/MobClick",
				);
				OTHER_LDFLAGS = "";
				PRODUCT_NAME = "$(TARGET_NAME)";
				PROVISIONING_PROFILE = "";
			};
			name = Release;
		};
/* End XCBuildConfiguration section */

/* Begin XCConfigurationList section */
		D639C41C1A90DA2800715BA9 /* Build configuration list for PBXProject "FitYourBuddy" */ = {
			isa = XCConfigurationList;
			buildConfigurations = (
				D639C4451A90DA2900715BA9 /* Debug */,
				D639C4461A90DA2900715BA9 /* Release */,
			);
			defaultConfigurationIsVisible = 0;
			defaultConfigurationName = Release;
		};
		D639C4471A90DA2900715BA9 /* Build configuration list for PBXNativeTarget "FitYourBuddy" */ = {
			isa = XCConfigurationList;
			buildConfigurations = (
				D639C4481A90DA2900715BA9 /* Debug */,
				D639C4491A90DA2900715BA9 /* Release */,
			);
			defaultConfigurationIsVisible = 0;
			defaultConfigurationName = Release;
		};
/* End XCConfigurationList section */

/* Begin XCVersionGroup section */
		D639C42B1A90DA2800715BA9 /* FitYourBuddy.xcdatamodeld */ = {
			isa = XCVersionGroup;
			children = (
				D639C42C1A90DA2800715BA9 /* FitYourBuddy.xcdatamodel */,
			);
			currentVersion = D639C42C1A90DA2800715BA9 /* FitYourBuddy.xcdatamodel */;
			path = FitYourBuddy.xcdatamodeld;
			sourceTree = "<group>";
			versionGroupType = wrapper.xcdatamodel;
		};
/* End XCVersionGroup section */
	};
	rootObject = D639C4191A90DA2800715BA9 /* Project object */;
}
